// !$*UTF8*$!
{
	archiveVersion = 1;
	classes = {
	};
	objectVersion = 55;
	objects = {

/* Begin PBXBuildFile section */
		072191132823D03500116F43 /* CalendarVC.swift in Sources */ = {isa = PBXBuildFile; fileRef = 072191122823D03500116F43 /* CalendarVC.swift */; };
		072191142823DC1D00116F43 /* Oswald-Medium.ttf in Resources */ = {isa = PBXBuildFile; fileRef = 4E07C847282291B80090D088 /* Oswald-Medium.ttf */; };
		072191162823DE0900116F43 /* DateExtension.swift in Sources */ = {isa = PBXBuildFile; fileRef = 072191152823DE0900116F43 /* DateExtension.swift */; };
		0721911B2823E8F300116F43 /* calendarCVCell.swift in Sources */ = {isa = PBXBuildFile; fileRef = 072191192823E8F200116F43 /* calendarCVCell.swift */; };
		0721911C2823E8F300116F43 /* calendarCVCell.xib in Resources */ = {isa = PBXBuildFile; fileRef = 0721911A2823E8F300116F43 /* calendarCVCell.xib */; };
		073A097F28320F8F0069EA8B /* GoogleService-Info.plist in Resources */ = {isa = PBXBuildFile; fileRef = 073A097E28320F8F0069EA8B /* GoogleService-Info.plist */; };
		07689C20282C1B350058A5A9 /* TableViewHelper.swift in Sources */ = {isa = PBXBuildFile; fileRef = 07689C1F282C1B350058A5A9 /* TableViewHelper.swift */; };
		07712BCC282CCB370074F948 /* SelectUserVC.swift in Sources */ = {isa = PBXBuildFile; fileRef = 07712BCB282CCB370074F948 /* SelectUserVC.swift */; };
		07712BD0282CCB850074F948 /* CrewViewModel.swift in Sources */ = {isa = PBXBuildFile; fileRef = 07712BCD282CCB840074F948 /* CrewViewModel.swift */; };
		07712BD1282CCB850074F948 /* ForceFinishViewModel.swift in Sources */ = {isa = PBXBuildFile; fileRef = 07712BCE282CCB840074F948 /* ForceFinishViewModel.swift */; };
		07712BD2282CCB850074F948 /* ReassignCrewViewModel.swift in Sources */ = {isa = PBXBuildFile; fileRef = 07712BCF282CCB850074F948 /* ReassignCrewViewModel.swift */; };
		07712BD6282CCB930074F948 /* ReassignCrewModel.swift in Sources */ = {isa = PBXBuildFile; fileRef = 07712BD3282CCB930074F948 /* ReassignCrewModel.swift */; };
		07712BD7282CCB930074F948 /* CrewModel.swift in Sources */ = {isa = PBXBuildFile; fileRef = 07712BD4282CCB930074F948 /* CrewModel.swift */; };
		07712BD8282CCB930074F948 /* ForceFinishModel.swift in Sources */ = {isa = PBXBuildFile; fileRef = 07712BD5282CCB930074F948 /* ForceFinishModel.swift */; };
		07712BDE282CCE850074F948 /* LabelTVCell.xib in Resources */ = {isa = PBXBuildFile; fileRef = 07712BDC282CCE850074F948 /* LabelTVCell.xib */; };
		07712BDF282CCE850074F948 /* LabelTVCell.swift in Sources */ = {isa = PBXBuildFile; fileRef = 07712BDD282CCE850074F948 /* LabelTVCell.swift */; };
		0771A2BA2823F38C00758DD9 /* ColorManager.swift in Sources */ = {isa = PBXBuildFile; fileRef = 0771A2B92823F38C00758DD9 /* ColorManager.swift */; };
		0771A2BD2823F88400758DD9 /* ProgressHUD.swift in Sources */ = {isa = PBXBuildFile; fileRef = 0771A2BB2823F88400758DD9 /* ProgressHUD.swift */; };
		0771A2BE2823F88400758DD9 /* Loader.swift in Sources */ = {isa = PBXBuildFile; fileRef = 0771A2BC2823F88400758DD9 /* Loader.swift */; };
		0771A2C32823F8FE00758DD9 /* TimerView.swift in Sources */ = {isa = PBXBuildFile; fileRef = 0771A2C12823F8FE00758DD9 /* TimerView.swift */; };
		0771A2C42823F8FE00758DD9 /* TimerView.xib in Resources */ = {isa = PBXBuildFile; fileRef = 0771A2C22823F8FE00758DD9 /* TimerView.xib */; };
		0771A2CB282519C500758DD9 /* Dashboard.storyboard in Resources */ = {isa = PBXBuildFile; fileRef = 0771A2CA282519C400758DD9 /* Dashboard.storyboard */; };
		0771A2CE282519D300758DD9 /* CrewPropertiesVC.swift in Sources */ = {isa = PBXBuildFile; fileRef = 0771A2CC282519D300758DD9 /* CrewPropertiesVC.swift */; };
		0771A2CF282519D300758DD9 /* OnBoardingVC.swift in Sources */ = {isa = PBXBuildFile; fileRef = 0771A2CD282519D300758DD9 /* OnBoardingVC.swift */; };
		0771A2D3282519E000758DD9 /* GetOrganizationModel.swift in Sources */ = {isa = PBXBuildFile; fileRef = 0771A2D0282519E000758DD9 /* GetOrganizationModel.swift */; };
		0771A2D4282519E000758DD9 /* LogoutModel.swift in Sources */ = {isa = PBXBuildFile; fileRef = 0771A2D1282519E000758DD9 /* LogoutModel.swift */; };
		0771A2D5282519E000758DD9 /* CrewPropertiesModel.swift in Sources */ = {isa = PBXBuildFile; fileRef = 0771A2D2282519E000758DD9 /* CrewPropertiesModel.swift */; };
		0771A2D9282519F100758DD9 /* CrewPropertyViewModel.swift in Sources */ = {isa = PBXBuildFile; fileRef = 0771A2D6282519F000758DD9 /* CrewPropertyViewModel.swift */; };
		0771A2DA282519F100758DD9 /* GetOrganizationsViewModel.swift in Sources */ = {isa = PBXBuildFile; fileRef = 0771A2D7282519F000758DD9 /* GetOrganizationsViewModel.swift */; };
		0771A2DB282519F100758DD9 /* LogoutViewModel.swift in Sources */ = {isa = PBXBuildFile; fileRef = 0771A2D8282519F100758DD9 /* LogoutViewModel.swift */; };
		0771A2E128251A5600758DD9 /* CompanyTVCell.swift in Sources */ = {isa = PBXBuildFile; fileRef = 0771A2DF28251A5600758DD9 /* CompanyTVCell.swift */; };
		0771A2E228251A5600758DD9 /* CompanyTVCell.xib in Resources */ = {isa = PBXBuildFile; fileRef = 0771A2E028251A5600758DD9 /* CompanyTVCell.xib */; };
		0771A2E528251A6100758DD9 /* CrewPropertiesTVCell.swift in Sources */ = {isa = PBXBuildFile; fileRef = 0771A2E328251A6000758DD9 /* CrewPropertiesTVCell.swift */; };
		0771A2E628251A6100758DD9 /* CrewPropertiesTVCell.xib in Resources */ = {isa = PBXBuildFile; fileRef = 0771A2E428251A6100758DD9 /* CrewPropertiesTVCell.xib */; };
		0771A2F72825348600758DD9 /* LoginVC.swift in Sources */ = {isa = PBXBuildFile; fileRef = 0771A2EF2825348500758DD9 /* LoginVC.swift */; };
		0771A2F82825348600758DD9 /* LoginViewModel.swift in Sources */ = {isa = PBXBuildFile; fileRef = 0771A2F22825348600758DD9 /* LoginViewModel.swift */; };
		0771A2FA2825348600758DD9 /* LoginModel.swift in Sources */ = {isa = PBXBuildFile; fileRef = 0771A2F52825348600758DD9 /* LoginModel.swift */; };
		0771A2FD2825349B00758DD9 /* Authentication.storyboard in Resources */ = {isa = PBXBuildFile; fileRef = 0771A2FC2825349B00758DD9 /* Authentication.storyboard */; };
		0771A325282539C600758DD9 /* TextFieldExtension.swift in Sources */ = {isa = PBXBuildFile; fileRef = 0771A324282539C600758DD9 /* TextFieldExtension.swift */; };
		0771A3272825460600758DD9 /* ServiceManager.swift in Sources */ = {isa = PBXBuildFile; fileRef = 0771A3262825460600758DD9 /* ServiceManager.swift */; };
		135EB042282B8CEA00194216 /* StartTheClockVC.swift in Sources */ = {isa = PBXBuildFile; fileRef = 135EB041282B8CEA00194216 /* StartTheClockVC.swift */; };
		135EB044282B8CF400194216 /* TaskDetailsVC.swift in Sources */ = {isa = PBXBuildFile; fileRef = 135EB043282B8CF400194216 /* TaskDetailsVC.swift */; };
		135EB04A282B8D8600194216 /* CheckboxInTaskDetailsTVCell.swift in Sources */ = {isa = PBXBuildFile; fileRef = 135EB048282B8D8600194216 /* CheckboxInTaskDetailsTVCell.swift */; };
		135EB04B282B8D8600194216 /* CheckboxInTaskDetailsTVCell.xib in Resources */ = {isa = PBXBuildFile; fileRef = 135EB049282B8D8600194216 /* CheckboxInTaskDetailsTVCell.xib */; };
		135EB04E282B8DB100194216 /* SubTaskViewModel.swift in Sources */ = {isa = PBXBuildFile; fileRef = 135EB04D282B8DB100194216 /* SubTaskViewModel.swift */; };
		135EB050282B8DC500194216 /* SubTaskModel.swift in Sources */ = {isa = PBXBuildFile; fileRef = 135EB04F282B8DC500194216 /* SubTaskModel.swift */; };
		13891FE228327EAC005DE6A6 /* CommonMethods.swift in Sources */ = {isa = PBXBuildFile; fileRef = 13891FE128327EAC005DE6A6 /* CommonMethods.swift */; };
		13B3EC60282BC3970068200B /* TaskDetails.storyboard in Resources */ = {isa = PBXBuildFile; fileRef = 13B3EC5F282BC3970068200B /* TaskDetails.storyboard */; };
		4E07C83E282291870090D088 /* Poppins-BoldItalic.otf in Resources */ = {isa = PBXBuildFile; fileRef = 4E07C838282291870090D088 /* Poppins-BoldItalic.otf */; };
		4E07C83F282291870090D088 /* Poppins-Italic.otf in Resources */ = {isa = PBXBuildFile; fileRef = 4E07C839282291870090D088 /* Poppins-Italic.otf */; };
		4E07C840282291870090D088 /* Poppins-Light.ttf in Resources */ = {isa = PBXBuildFile; fileRef = 4E07C83A282291870090D088 /* Poppins-Light.ttf */; };
		4E07C841282291870090D088 /* Poppins-SemiBold.ttf in Resources */ = {isa = PBXBuildFile; fileRef = 4E07C83B282291870090D088 /* Poppins-SemiBold.ttf */; };
		4E07C842282291870090D088 /* Poppins-Regular.ttf in Resources */ = {isa = PBXBuildFile; fileRef = 4E07C83C282291870090D088 /* Poppins-Regular.ttf */; };
		4E07C843282291870090D088 /* Poppins-Medium.ttf in Resources */ = {isa = PBXBuildFile; fileRef = 4E07C83D282291870090D088 /* Poppins-Medium.ttf */; };
		4E07C855282291FB0090D088 /* Oswald-Bold.ttf in Resources */ = {isa = PBXBuildFile; fileRef = 4E07C84F282291B90090D088 /* Oswald-Bold.ttf */; };
		4E07C856282291FB0090D088 /* Oswald-BoldItalic.ttf in Resources */ = {isa = PBXBuildFile; fileRef = 4E07C84A282291B90090D088 /* Oswald-BoldItalic.ttf */; };
		4E07C857282291FB0090D088 /* Oswald-Demi-BoldItalic.ttf in Resources */ = {isa = PBXBuildFile; fileRef = 4E07C84C282291B90090D088 /* Oswald-Demi-BoldItalic.ttf */; };
		4E07C858282291FB0090D088 /* Oswald-DemiBold.ttf in Resources */ = {isa = PBXBuildFile; fileRef = 4E07C854282291BA0090D088 /* Oswald-DemiBold.ttf */; };
		4E07C859282291FB0090D088 /* Oswald-Extra-LightItalic.ttf in Resources */ = {isa = PBXBuildFile; fileRef = 4E07C84E282291B90090D088 /* Oswald-Extra-LightItalic.ttf */; };
		4E07C85A282291FB0090D088 /* Oswald-ExtraLight.ttf in Resources */ = {isa = PBXBuildFile; fileRef = 4E07C850282291BA0090D088 /* Oswald-ExtraLight.ttf */; };
		4E07C85B282291FB0090D088 /* Oswald-Heavy.ttf in Resources */ = {isa = PBXBuildFile; fileRef = 4E07C846282291B80090D088 /* Oswald-Heavy.ttf */; };
		4E07C85C282291FB0090D088 /* Oswald-HeavyItalic.ttf in Resources */ = {isa = PBXBuildFile; fileRef = 4E07C852282291BA0090D088 /* Oswald-HeavyItalic.ttf */; };
		4E07C85D282291FB0090D088 /* Oswald-Light.ttf in Resources */ = {isa = PBXBuildFile; fileRef = 4E07C84B282291B90090D088 /* Oswald-Light.ttf */; };
		4E07C85E282291FB0090D088 /* Oswald-LightItalic.ttf in Resources */ = {isa = PBXBuildFile; fileRef = 4E07C853282291BA0090D088 /* Oswald-LightItalic.ttf */; };
		4E07C860282291FB0090D088 /* Oswald-MediumItalic.ttf in Resources */ = {isa = PBXBuildFile; fileRef = 4E07C84D282291B90090D088 /* Oswald-MediumItalic.ttf */; };
		4E07C861282291FB0090D088 /* Oswald-Regular.ttf in Resources */ = {isa = PBXBuildFile; fileRef = 4E07C851282291BA0090D088 /* Oswald-Regular.ttf */; };
		4E07C862282291FB0090D088 /* Oswald-RegularItalic.ttf in Resources */ = {isa = PBXBuildFile; fileRef = 4E07C849282291B90090D088 /* Oswald-RegularItalic.ttf */; };
		4E07C863282291FB0090D088 /* Oswald-Stencil.ttf in Resources */ = {isa = PBXBuildFile; fileRef = 4E07C848282291B80090D088 /* Oswald-Stencil.ttf */; };
		4E07C8662822925A0090D088 /* FontManager.swift in Sources */ = {isa = PBXBuildFile; fileRef = 4E07C8652822925A0090D088 /* FontManager.swift */; };
		4E07C8812828E4D90090D088 /* ProfileVC.swift in Sources */ = {isa = PBXBuildFile; fileRef = 4E07C87A2828E4D90090D088 /* ProfileVC.swift */; };
		4E07C8822828E4D90090D088 /* ProfileViewModel.swift in Sources */ = {isa = PBXBuildFile; fileRef = 4E07C87C2828E4D90090D088 /* ProfileViewModel.swift */; };
		4E07C8832828E4DA0090D088 /* Profile.storyboard in Resources */ = {isa = PBXBuildFile; fileRef = 4E07C87D2828E4D90090D088 /* Profile.storyboard */; };
		4E07C8842828E4DA0090D088 /* ProfileModel.swift in Sources */ = {isa = PBXBuildFile; fileRef = 4E07C87F2828E4D90090D088 /* ProfileModel.swift */; };
		4E07C8872828E92B0090D088 /* Notificationcenter.storyboard in Resources */ = {isa = PBXBuildFile; fileRef = 4E07C8862828E92B0090D088 /* Notificationcenter.storyboard */; };
		4E07C8892828E94D0090D088 /* NotificationCenterVC.swift in Sources */ = {isa = PBXBuildFile; fileRef = 4E07C8882828E94D0090D088 /* NotificationCenterVC.swift */; };
		4E07C88F2828FFB60090D088 /* TaskAssignedTVCell.swift in Sources */ = {isa = PBXBuildFile; fileRef = 4E07C88D2828FFB60090D088 /* TaskAssignedTVCell.swift */; };
		4E07C8902828FFB60090D088 /* TaskAssignedTVCell.xib in Resources */ = {isa = PBXBuildFile; fileRef = 4E07C88E2828FFB60090D088 /* TaskAssignedTVCell.xib */; };
		638E5FCC3ED177D7172BAB15 /* Pods_DoorcastRebase.framework in Frameworks */ = {isa = PBXBuildFile; fileRef = 4FBB7994D67F309A83301547 /* Pods_DoorcastRebase.framework */; };
		AE80FC7F282B7B5C00EE5C0C /* ResendOTPViewModel.swift in Sources */ = {isa = PBXBuildFile; fileRef = AE80FC6F282B7B5C00EE5C0C /* ResendOTPViewModel.swift */; };
		AE80FC80282B7B5C00EE5C0C /* ResendOTPModel.swift in Sources */ = {isa = PBXBuildFile; fileRef = AE80FC71282B7B5C00EE5C0C /* ResendOTPModel.swift */; };
		AE80FC81282B7B5C00EE5C0C /* OtpTVCell.xib in Resources */ = {isa = PBXBuildFile; fileRef = AE80FC74282B7B5C00EE5C0C /* OtpTVCell.xib */; };
		AE80FC82282B7B5C00EE5C0C /* OtpTVCell.swift in Sources */ = {isa = PBXBuildFile; fileRef = AE80FC75282B7B5C00EE5C0C /* OtpTVCell.swift */; };
		AE80FC83282B7B5C00EE5C0C /* OtpVC.swift in Sources */ = {isa = PBXBuildFile; fileRef = AE80FC77282B7B5C00EE5C0C /* OtpVC.swift */; };
		AE80FC84282B7B5C00EE5C0C /* ForgotPasswordViewModel.swift in Sources */ = {isa = PBXBuildFile; fileRef = AE80FC7A282B7B5C00EE5C0C /* ForgotPasswordViewModel.swift */; };
		AE80FC85282B7B5C00EE5C0C /* ForgotPasswordModel.swift in Sources */ = {isa = PBXBuildFile; fileRef = AE80FC7C282B7B5C00EE5C0C /* ForgotPasswordModel.swift */; };
		AE80FC86282B7B5C00EE5C0C /* ForgotPasswordVC.swift in Sources */ = {isa = PBXBuildFile; fileRef = AE80FC7E282B7B5C00EE5C0C /* ForgotPasswordVC.swift */; };
		AE80FC8F282B7B6800EE5C0C /* ResetPasswordViewModel.swift in Sources */ = {isa = PBXBuildFile; fileRef = AE80FC89282B7B6800EE5C0C /* ResetPasswordViewModel.swift */; };
		AE80FC90282B7B6800EE5C0C /* ResetPasswordModel.swift in Sources */ = {isa = PBXBuildFile; fileRef = AE80FC8B282B7B6800EE5C0C /* ResetPasswordModel.swift */; };
		AE80FC91282B7B6800EE5C0C /* ResetPasswordVC.swift in Sources */ = {isa = PBXBuildFile; fileRef = AE80FC8E282B7B6800EE5C0C /* ResetPasswordVC.swift */; };
		E30488652822A788004ECA60 /* TaskListTVCell.swift in Sources */ = {isa = PBXBuildFile; fileRef = E30488632822A788004ECA60 /* TaskListTVCell.swift */; };
		E30488662822A788004ECA60 /* TaskListTVCell.xib in Resources */ = {isa = PBXBuildFile; fileRef = E30488642822A788004ECA60 /* TaskListTVCell.xib */; };
		E30488692822A90E004ECA60 /* IncompleteTaskDetails.json in Resources */ = {isa = PBXBuildFile; fileRef = E30488682822A90E004ECA60 /* IncompleteTaskDetails.json */; };
		E304886C2822ABB0004ECA60 /* TaskListViewModel.swift in Sources */ = {isa = PBXBuildFile; fileRef = E304886B2822ABB0004ECA60 /* TaskListViewModel.swift */; };
		E304886E2822ABEF004ECA60 /* Decodable.swift in Sources */ = {isa = PBXBuildFile; fileRef = E304886D2822ABEF004ECA60 /* Decodable.swift */; };
		E30488712822AC74004ECA60 /* IncompleteTaskListModel.swift in Sources */ = {isa = PBXBuildFile; fileRef = E30488702822AC74004ECA60 /* IncompleteTaskListModel.swift */; };
		E30488732822BFB7004ECA60 /* UIKitHelper.swift in Sources */ = {isa = PBXBuildFile; fileRef = E30488722822BFB7004ECA60 /* UIKitHelper.swift */; };
		E31C92A8282244CC00600CEE /* AppDelegate.swift in Sources */ = {isa = PBXBuildFile; fileRef = E31C92A7282244CC00600CEE /* AppDelegate.swift */; };
		E31C92AA282244CC00600CEE /* SceneDelegate.swift in Sources */ = {isa = PBXBuildFile; fileRef = E31C92A9282244CC00600CEE /* SceneDelegate.swift */; };
		E31C92AC282244CC00600CEE /* ViewController.swift in Sources */ = {isa = PBXBuildFile; fileRef = E31C92AB282244CC00600CEE /* ViewController.swift */; };
		E31C92AF282244CC00600CEE /* Main.storyboard in Resources */ = {isa = PBXBuildFile; fileRef = E31C92AD282244CC00600CEE /* Main.storyboard */; };
		E31C92B2282244CC00600CEE /* DoorcastRebase.xcdatamodeld in Sources */ = {isa = PBXBuildFile; fileRef = E31C92B0282244CC00600CEE /* DoorcastRebase.xcdatamodeld */; };
		E31C92B4282244CE00600CEE /* Assets.xcassets in Resources */ = {isa = PBXBuildFile; fileRef = E31C92B3282244CE00600CEE /* Assets.xcassets */; };
		E31C92B7282244CE00600CEE /* LaunchScreen.storyboard in Resources */ = {isa = PBXBuildFile; fileRef = E31C92B5282244CE00600CEE /* LaunchScreen.storyboard */; };
		E31C92CA2822466700600CEE /* StoryboardExtension.swift in Sources */ = {isa = PBXBuildFile; fileRef = E31C92C92822466700600CEE /* StoryboardExtension.swift */; };
		E347D351282258AB00122C8B /* DeviceName.swift in Sources */ = {isa = PBXBuildFile; fileRef = E347D350282258AB00122C8B /* DeviceName.swift */; };
		E347D35328225AEB00122C8B /* SessionManager.swift in Sources */ = {isa = PBXBuildFile; fileRef = E347D35228225AEB00122C8B /* SessionManager.swift */; };
		E347D35628225BFE00122C8B /* Home.storyboard in Resources */ = {isa = PBXBuildFile; fileRef = E347D35528225BFE00122C8B /* Home.storyboard */; };
		E347D35828225C2700122C8B /* HomeVC.swift in Sources */ = {isa = PBXBuildFile; fileRef = E347D35728225C2700122C8B /* HomeVC.swift */; };
		E347D35A28225E1700122C8B /* StringExtension.swift in Sources */ = {isa = PBXBuildFile; fileRef = E347D35928225E1700122C8B /* StringExtension.swift */; };
		E347D35C28225E3E00122C8B /* NSObject+Helper.swift in Sources */ = {isa = PBXBuildFile; fileRef = E347D35B28225E3E00122C8B /* NSObject+Helper.swift */; };
		E347D35E28225FA100122C8B /* UIViewControllerExtension.swift in Sources */ = {isa = PBXBuildFile; fileRef = E347D35D28225FA100122C8B /* UIViewControllerExtension.swift */; };
		E347D36028226B0A00122C8B /* BaseViewModelProtocol.swift in Sources */ = {isa = PBXBuildFile; fileRef = E347D35F28226B0A00122C8B /* BaseViewModelProtocol.swift */; };
		E347D3632822700D00122C8B /* HomeViewModel.swift in Sources */ = {isa = PBXBuildFile; fileRef = E347D3622822700D00122C8B /* HomeViewModel.swift */; };
		E347D366282270A600122C8B /* HomeModel.swift in Sources */ = {isa = PBXBuildFile; fileRef = E347D365282270A600122C8B /* HomeModel.swift */; };
		E347D368282286DA00122C8B /* ButtonExtension.swift in Sources */ = {isa = PBXBuildFile; fileRef = E347D367282286DA00122C8B /* ButtonExtension.swift */; };
		E34A2D1128229FC800BF7439 /* CommonTaskDetailVC.swift in Sources */ = {isa = PBXBuildFile; fileRef = E34A2D1028229FC800BF7439 /* CommonTaskDetailVC.swift */; };
		E34A2D132822A05900BF7439 /* IncompleteTasksVC.swift in Sources */ = {isa = PBXBuildFile; fileRef = E34A2D122822A05900BF7439 /* IncompleteTasksVC.swift */; };
		E34A2D152822A06E00BF7439 /* CompletedTasksVC.swift in Sources */ = {isa = PBXBuildFile; fileRef = E34A2D142822A06E00BF7439 /* CompletedTasksVC.swift */; };
		E37939D72822A6B8008D83E4 /* TableViewExtensions.swift in Sources */ = {isa = PBXBuildFile; fileRef = E37939D62822A6B8008D83E4 /* TableViewExtensions.swift */; };
		E38D377828224B6600359321 /* Constants.swift in Sources */ = {isa = PBXBuildFile; fileRef = E38D377728224B6600359321 /* Constants.swift */; };
/* End PBXBuildFile section */

/* Begin PBXFileReference section */
		072191122823D03500116F43 /* CalendarVC.swift */ = {isa = PBXFileReference; lastKnownFileType = sourcecode.swift; path = CalendarVC.swift; sourceTree = "<group>"; };
		072191152823DE0900116F43 /* DateExtension.swift */ = {isa = PBXFileReference; lastKnownFileType = sourcecode.swift; path = DateExtension.swift; sourceTree = "<group>"; };
		072191192823E8F200116F43 /* calendarCVCell.swift */ = {isa = PBXFileReference; fileEncoding = 4; lastKnownFileType = sourcecode.swift; path = calendarCVCell.swift; sourceTree = "<group>"; };
		0721911A2823E8F300116F43 /* calendarCVCell.xib */ = {isa = PBXFileReference; fileEncoding = 4; lastKnownFileType = file.xib; path = calendarCVCell.xib; sourceTree = "<group>"; };
		073A097E28320F8F0069EA8B /* GoogleService-Info.plist */ = {isa = PBXFileReference; fileEncoding = 4; lastKnownFileType = text.plist.xml; path = "GoogleService-Info.plist"; sourceTree = "<group>"; };
		07689C1F282C1B350058A5A9 /* TableViewHelper.swift */ = {isa = PBXFileReference; fileEncoding = 4; lastKnownFileType = sourcecode.swift; path = TableViewHelper.swift; sourceTree = "<group>"; };
		07712BCB282CCB370074F948 /* SelectUserVC.swift */ = {isa = PBXFileReference; fileEncoding = 4; lastKnownFileType = sourcecode.swift; path = SelectUserVC.swift; sourceTree = "<group>"; };
		07712BCD282CCB840074F948 /* CrewViewModel.swift */ = {isa = PBXFileReference; fileEncoding = 4; lastKnownFileType = sourcecode.swift; path = CrewViewModel.swift; sourceTree = "<group>"; };
		07712BCE282CCB840074F948 /* ForceFinishViewModel.swift */ = {isa = PBXFileReference; fileEncoding = 4; lastKnownFileType = sourcecode.swift; path = ForceFinishViewModel.swift; sourceTree = "<group>"; };
		07712BCF282CCB850074F948 /* ReassignCrewViewModel.swift */ = {isa = PBXFileReference; fileEncoding = 4; lastKnownFileType = sourcecode.swift; path = ReassignCrewViewModel.swift; sourceTree = "<group>"; };
		07712BD3282CCB930074F948 /* ReassignCrewModel.swift */ = {isa = PBXFileReference; fileEncoding = 4; lastKnownFileType = sourcecode.swift; path = ReassignCrewModel.swift; sourceTree = "<group>"; };
		07712BD4282CCB930074F948 /* CrewModel.swift */ = {isa = PBXFileReference; fileEncoding = 4; lastKnownFileType = sourcecode.swift; path = CrewModel.swift; sourceTree = "<group>"; };
		07712BD5282CCB930074F948 /* ForceFinishModel.swift */ = {isa = PBXFileReference; fileEncoding = 4; lastKnownFileType = sourcecode.swift; path = ForceFinishModel.swift; sourceTree = "<group>"; };
		07712BDC282CCE850074F948 /* LabelTVCell.xib */ = {isa = PBXFileReference; fileEncoding = 4; lastKnownFileType = file.xib; path = LabelTVCell.xib; sourceTree = "<group>"; };
		07712BDD282CCE850074F948 /* LabelTVCell.swift */ = {isa = PBXFileReference; fileEncoding = 4; lastKnownFileType = sourcecode.swift; path = LabelTVCell.swift; sourceTree = "<group>"; };
		0771A2B92823F38C00758DD9 /* ColorManager.swift */ = {isa = PBXFileReference; fileEncoding = 4; lastKnownFileType = sourcecode.swift; path = ColorManager.swift; sourceTree = "<group>"; };
		0771A2BB2823F88400758DD9 /* ProgressHUD.swift */ = {isa = PBXFileReference; fileEncoding = 4; lastKnownFileType = sourcecode.swift; path = ProgressHUD.swift; sourceTree = "<group>"; };
		0771A2BC2823F88400758DD9 /* Loader.swift */ = {isa = PBXFileReference; fileEncoding = 4; lastKnownFileType = sourcecode.swift; path = Loader.swift; sourceTree = "<group>"; };
		0771A2C12823F8FE00758DD9 /* TimerView.swift */ = {isa = PBXFileReference; fileEncoding = 4; lastKnownFileType = sourcecode.swift; path = TimerView.swift; sourceTree = "<group>"; };
		0771A2C22823F8FE00758DD9 /* TimerView.xib */ = {isa = PBXFileReference; fileEncoding = 4; lastKnownFileType = file.xib; path = TimerView.xib; sourceTree = "<group>"; };
		0771A2CA282519C400758DD9 /* Dashboard.storyboard */ = {isa = PBXFileReference; fileEncoding = 4; lastKnownFileType = file.storyboard; path = Dashboard.storyboard; sourceTree = "<group>"; };
		0771A2CC282519D300758DD9 /* CrewPropertiesVC.swift */ = {isa = PBXFileReference; fileEncoding = 4; lastKnownFileType = sourcecode.swift; path = CrewPropertiesVC.swift; sourceTree = "<group>"; };
		0771A2CD282519D300758DD9 /* OnBoardingVC.swift */ = {isa = PBXFileReference; fileEncoding = 4; lastKnownFileType = sourcecode.swift; path = OnBoardingVC.swift; sourceTree = "<group>"; };
		0771A2D0282519E000758DD9 /* GetOrganizationModel.swift */ = {isa = PBXFileReference; fileEncoding = 4; lastKnownFileType = sourcecode.swift; path = GetOrganizationModel.swift; sourceTree = "<group>"; };
		0771A2D1282519E000758DD9 /* LogoutModel.swift */ = {isa = PBXFileReference; fileEncoding = 4; lastKnownFileType = sourcecode.swift; path = LogoutModel.swift; sourceTree = "<group>"; };
		0771A2D2282519E000758DD9 /* CrewPropertiesModel.swift */ = {isa = PBXFileReference; fileEncoding = 4; lastKnownFileType = sourcecode.swift; path = CrewPropertiesModel.swift; sourceTree = "<group>"; };
		0771A2D6282519F000758DD9 /* CrewPropertyViewModel.swift */ = {isa = PBXFileReference; fileEncoding = 4; lastKnownFileType = sourcecode.swift; path = CrewPropertyViewModel.swift; sourceTree = "<group>"; };
		0771A2D7282519F000758DD9 /* GetOrganizationsViewModel.swift */ = {isa = PBXFileReference; fileEncoding = 4; lastKnownFileType = sourcecode.swift; path = GetOrganizationsViewModel.swift; sourceTree = "<group>"; };
		0771A2D8282519F100758DD9 /* LogoutViewModel.swift */ = {isa = PBXFileReference; fileEncoding = 4; lastKnownFileType = sourcecode.swift; path = LogoutViewModel.swift; sourceTree = "<group>"; };
		0771A2DF28251A5600758DD9 /* CompanyTVCell.swift */ = {isa = PBXFileReference; fileEncoding = 4; lastKnownFileType = sourcecode.swift; path = CompanyTVCell.swift; sourceTree = "<group>"; };
		0771A2E028251A5600758DD9 /* CompanyTVCell.xib */ = {isa = PBXFileReference; fileEncoding = 4; lastKnownFileType = file.xib; path = CompanyTVCell.xib; sourceTree = "<group>"; };
		0771A2E328251A6000758DD9 /* CrewPropertiesTVCell.swift */ = {isa = PBXFileReference; fileEncoding = 4; lastKnownFileType = sourcecode.swift; path = CrewPropertiesTVCell.swift; sourceTree = "<group>"; };
		0771A2E428251A6100758DD9 /* CrewPropertiesTVCell.xib */ = {isa = PBXFileReference; fileEncoding = 4; lastKnownFileType = file.xib; path = CrewPropertiesTVCell.xib; sourceTree = "<group>"; };
		0771A2EF2825348500758DD9 /* LoginVC.swift */ = {isa = PBXFileReference; fileEncoding = 4; lastKnownFileType = sourcecode.swift; path = LoginVC.swift; sourceTree = "<group>"; };
		0771A2F22825348600758DD9 /* LoginViewModel.swift */ = {isa = PBXFileReference; fileEncoding = 4; lastKnownFileType = sourcecode.swift; path = LoginViewModel.swift; sourceTree = "<group>"; };
		0771A2F52825348600758DD9 /* LoginModel.swift */ = {isa = PBXFileReference; fileEncoding = 4; lastKnownFileType = sourcecode.swift; path = LoginModel.swift; sourceTree = "<group>"; };
		0771A2FC2825349B00758DD9 /* Authentication.storyboard */ = {isa = PBXFileReference; fileEncoding = 4; lastKnownFileType = file.storyboard; path = Authentication.storyboard; sourceTree = "<group>"; };
		0771A324282539C600758DD9 /* TextFieldExtension.swift */ = {isa = PBXFileReference; fileEncoding = 4; lastKnownFileType = sourcecode.swift; path = TextFieldExtension.swift; sourceTree = "<group>"; };
		0771A3262825460600758DD9 /* ServiceManager.swift */ = {isa = PBXFileReference; fileEncoding = 4; lastKnownFileType = sourcecode.swift; path = ServiceManager.swift; sourceTree = "<group>"; };
		135EB041282B8CEA00194216 /* StartTheClockVC.swift */ = {isa = PBXFileReference; fileEncoding = 4; lastKnownFileType = sourcecode.swift; path = StartTheClockVC.swift; sourceTree = "<group>"; };
		135EB043282B8CF400194216 /* TaskDetailsVC.swift */ = {isa = PBXFileReference; fileEncoding = 4; lastKnownFileType = sourcecode.swift; path = TaskDetailsVC.swift; sourceTree = "<group>"; };
		135EB048282B8D8600194216 /* CheckboxInTaskDetailsTVCell.swift */ = {isa = PBXFileReference; fileEncoding = 4; lastKnownFileType = sourcecode.swift; path = CheckboxInTaskDetailsTVCell.swift; sourceTree = "<group>"; };
		135EB049282B8D8600194216 /* CheckboxInTaskDetailsTVCell.xib */ = {isa = PBXFileReference; fileEncoding = 4; lastKnownFileType = file.xib; path = CheckboxInTaskDetailsTVCell.xib; sourceTree = "<group>"; };
		135EB04D282B8DB100194216 /* SubTaskViewModel.swift */ = {isa = PBXFileReference; fileEncoding = 4; lastKnownFileType = sourcecode.swift; path = SubTaskViewModel.swift; sourceTree = "<group>"; };
		135EB04F282B8DC500194216 /* SubTaskModel.swift */ = {isa = PBXFileReference; fileEncoding = 4; lastKnownFileType = sourcecode.swift; path = SubTaskModel.swift; sourceTree = "<group>"; };
		13891FE128327EAC005DE6A6 /* CommonMethods.swift */ = {isa = PBXFileReference; lastKnownFileType = sourcecode.swift; path = CommonMethods.swift; sourceTree = "<group>"; };
		13B3EC5F282BC3970068200B /* TaskDetails.storyboard */ = {isa = PBXFileReference; fileEncoding = 4; lastKnownFileType = file.storyboard; path = TaskDetails.storyboard; sourceTree = "<group>"; };
		3584D486E8CE52563A0F70EA /* Pods-DoorcastRebase.release.xcconfig */ = {isa = PBXFileReference; includeInIndex = 1; lastKnownFileType = text.xcconfig; name = "Pods-DoorcastRebase.release.xcconfig"; path = "Target Support Files/Pods-DoorcastRebase/Pods-DoorcastRebase.release.xcconfig"; sourceTree = "<group>"; };
		467B28FC523D2B33E1C10038 /* Pods-DoorcastRebase.debug.xcconfig */ = {isa = PBXFileReference; includeInIndex = 1; lastKnownFileType = text.xcconfig; name = "Pods-DoorcastRebase.debug.xcconfig"; path = "Target Support Files/Pods-DoorcastRebase/Pods-DoorcastRebase.debug.xcconfig"; sourceTree = "<group>"; };
		4E07C838282291870090D088 /* Poppins-BoldItalic.otf */ = {isa = PBXFileReference; lastKnownFileType = file; path = "Poppins-BoldItalic.otf"; sourceTree = "<group>"; };
		4E07C839282291870090D088 /* Poppins-Italic.otf */ = {isa = PBXFileReference; lastKnownFileType = file; path = "Poppins-Italic.otf"; sourceTree = "<group>"; };
		4E07C83A282291870090D088 /* Poppins-Light.ttf */ = {isa = PBXFileReference; lastKnownFileType = file; path = "Poppins-Light.ttf"; sourceTree = "<group>"; };
		4E07C83B282291870090D088 /* Poppins-SemiBold.ttf */ = {isa = PBXFileReference; lastKnownFileType = file; path = "Poppins-SemiBold.ttf"; sourceTree = "<group>"; };
		4E07C83C282291870090D088 /* Poppins-Regular.ttf */ = {isa = PBXFileReference; lastKnownFileType = file; path = "Poppins-Regular.ttf"; sourceTree = "<group>"; };
		4E07C83D282291870090D088 /* Poppins-Medium.ttf */ = {isa = PBXFileReference; lastKnownFileType = file; path = "Poppins-Medium.ttf"; sourceTree = "<group>"; };
		4E07C846282291B80090D088 /* Oswald-Heavy.ttf */ = {isa = PBXFileReference; lastKnownFileType = file; path = "Oswald-Heavy.ttf"; sourceTree = "<group>"; };
		4E07C847282291B80090D088 /* Oswald-Medium.ttf */ = {isa = PBXFileReference; lastKnownFileType = file; path = "Oswald-Medium.ttf"; sourceTree = "<group>"; };
		4E07C848282291B80090D088 /* Oswald-Stencil.ttf */ = {isa = PBXFileReference; lastKnownFileType = file; path = "Oswald-Stencil.ttf"; sourceTree = "<group>"; };
		4E07C849282291B90090D088 /* Oswald-RegularItalic.ttf */ = {isa = PBXFileReference; lastKnownFileType = file; path = "Oswald-RegularItalic.ttf"; sourceTree = "<group>"; };
		4E07C84A282291B90090D088 /* Oswald-BoldItalic.ttf */ = {isa = PBXFileReference; lastKnownFileType = file; path = "Oswald-BoldItalic.ttf"; sourceTree = "<group>"; };
		4E07C84B282291B90090D088 /* Oswald-Light.ttf */ = {isa = PBXFileReference; lastKnownFileType = file; path = "Oswald-Light.ttf"; sourceTree = "<group>"; };
		4E07C84C282291B90090D088 /* Oswald-Demi-BoldItalic.ttf */ = {isa = PBXFileReference; lastKnownFileType = file; path = "Oswald-Demi-BoldItalic.ttf"; sourceTree = "<group>"; };
		4E07C84D282291B90090D088 /* Oswald-MediumItalic.ttf */ = {isa = PBXFileReference; lastKnownFileType = file; path = "Oswald-MediumItalic.ttf"; sourceTree = "<group>"; };
		4E07C84E282291B90090D088 /* Oswald-Extra-LightItalic.ttf */ = {isa = PBXFileReference; lastKnownFileType = file; path = "Oswald-Extra-LightItalic.ttf"; sourceTree = "<group>"; };
		4E07C84F282291B90090D088 /* Oswald-Bold.ttf */ = {isa = PBXFileReference; lastKnownFileType = file; path = "Oswald-Bold.ttf"; sourceTree = "<group>"; };
		4E07C850282291BA0090D088 /* Oswald-ExtraLight.ttf */ = {isa = PBXFileReference; lastKnownFileType = file; path = "Oswald-ExtraLight.ttf"; sourceTree = "<group>"; };
		4E07C851282291BA0090D088 /* Oswald-Regular.ttf */ = {isa = PBXFileReference; lastKnownFileType = file; path = "Oswald-Regular.ttf"; sourceTree = "<group>"; };
		4E07C852282291BA0090D088 /* Oswald-HeavyItalic.ttf */ = {isa = PBXFileReference; lastKnownFileType = file; path = "Oswald-HeavyItalic.ttf"; sourceTree = "<group>"; };
		4E07C853282291BA0090D088 /* Oswald-LightItalic.ttf */ = {isa = PBXFileReference; lastKnownFileType = file; path = "Oswald-LightItalic.ttf"; sourceTree = "<group>"; };
		4E07C854282291BA0090D088 /* Oswald-DemiBold.ttf */ = {isa = PBXFileReference; lastKnownFileType = file; path = "Oswald-DemiBold.ttf"; sourceTree = "<group>"; };
		4E07C8652822925A0090D088 /* FontManager.swift */ = {isa = PBXFileReference; lastKnownFileType = sourcecode.swift; path = FontManager.swift; sourceTree = "<group>"; };
		4E07C87A2828E4D90090D088 /* ProfileVC.swift */ = {isa = PBXFileReference; fileEncoding = 4; lastKnownFileType = sourcecode.swift; path = ProfileVC.swift; sourceTree = "<group>"; };
		4E07C87C2828E4D90090D088 /* ProfileViewModel.swift */ = {isa = PBXFileReference; fileEncoding = 4; lastKnownFileType = sourcecode.swift; path = ProfileViewModel.swift; sourceTree = "<group>"; };
		4E07C87D2828E4D90090D088 /* Profile.storyboard */ = {isa = PBXFileReference; fileEncoding = 4; lastKnownFileType = file.storyboard; path = Profile.storyboard; sourceTree = "<group>"; };
		4E07C87F2828E4D90090D088 /* ProfileModel.swift */ = {isa = PBXFileReference; fileEncoding = 4; lastKnownFileType = sourcecode.swift; path = ProfileModel.swift; sourceTree = "<group>"; };
		4E07C8862828E92B0090D088 /* Notificationcenter.storyboard */ = {isa = PBXFileReference; lastKnownFileType = file.storyboard; path = Notificationcenter.storyboard; sourceTree = "<group>"; };
		4E07C8882828E94D0090D088 /* NotificationCenterVC.swift */ = {isa = PBXFileReference; lastKnownFileType = sourcecode.swift; path = NotificationCenterVC.swift; sourceTree = "<group>"; };
		4E07C88D2828FFB60090D088 /* TaskAssignedTVCell.swift */ = {isa = PBXFileReference; fileEncoding = 4; lastKnownFileType = sourcecode.swift; path = TaskAssignedTVCell.swift; sourceTree = "<group>"; };
		4E07C88E2828FFB60090D088 /* TaskAssignedTVCell.xib */ = {isa = PBXFileReference; fileEncoding = 4; lastKnownFileType = file.xib; path = TaskAssignedTVCell.xib; sourceTree = "<group>"; };
		4FBB7994D67F309A83301547 /* Pods_DoorcastRebase.framework */ = {isa = PBXFileReference; explicitFileType = wrapper.framework; includeInIndex = 0; path = Pods_DoorcastRebase.framework; sourceTree = BUILT_PRODUCTS_DIR; };
		AE80FC6F282B7B5C00EE5C0C /* ResendOTPViewModel.swift */ = {isa = PBXFileReference; fileEncoding = 4; lastKnownFileType = sourcecode.swift; path = ResendOTPViewModel.swift; sourceTree = "<group>"; };
		AE80FC71282B7B5C00EE5C0C /* ResendOTPModel.swift */ = {isa = PBXFileReference; fileEncoding = 4; lastKnownFileType = sourcecode.swift; path = ResendOTPModel.swift; sourceTree = "<group>"; };
		AE80FC74282B7B5C00EE5C0C /* OtpTVCell.xib */ = {isa = PBXFileReference; fileEncoding = 4; lastKnownFileType = file.xib; path = OtpTVCell.xib; sourceTree = "<group>"; };
		AE80FC75282B7B5C00EE5C0C /* OtpTVCell.swift */ = {isa = PBXFileReference; fileEncoding = 4; lastKnownFileType = sourcecode.swift; path = OtpTVCell.swift; sourceTree = "<group>"; };
		AE80FC77282B7B5C00EE5C0C /* OtpVC.swift */ = {isa = PBXFileReference; fileEncoding = 4; lastKnownFileType = sourcecode.swift; path = OtpVC.swift; sourceTree = "<group>"; };
		AE80FC7A282B7B5C00EE5C0C /* ForgotPasswordViewModel.swift */ = {isa = PBXFileReference; fileEncoding = 4; lastKnownFileType = sourcecode.swift; path = ForgotPasswordViewModel.swift; sourceTree = "<group>"; };
		AE80FC7C282B7B5C00EE5C0C /* ForgotPasswordModel.swift */ = {isa = PBXFileReference; fileEncoding = 4; lastKnownFileType = sourcecode.swift; path = ForgotPasswordModel.swift; sourceTree = "<group>"; };
		AE80FC7E282B7B5C00EE5C0C /* ForgotPasswordVC.swift */ = {isa = PBXFileReference; fileEncoding = 4; lastKnownFileType = sourcecode.swift; path = ForgotPasswordVC.swift; sourceTree = "<group>"; };
		AE80FC89282B7B6800EE5C0C /* ResetPasswordViewModel.swift */ = {isa = PBXFileReference; fileEncoding = 4; lastKnownFileType = sourcecode.swift; path = ResetPasswordViewModel.swift; sourceTree = "<group>"; };
		AE80FC8B282B7B6800EE5C0C /* ResetPasswordModel.swift */ = {isa = PBXFileReference; fileEncoding = 4; lastKnownFileType = sourcecode.swift; path = ResetPasswordModel.swift; sourceTree = "<group>"; };
		AE80FC8E282B7B6800EE5C0C /* ResetPasswordVC.swift */ = {isa = PBXFileReference; fileEncoding = 4; lastKnownFileType = sourcecode.swift; path = ResetPasswordVC.swift; sourceTree = "<group>"; };
		AEBAE08D282B802500CF3791 /* DoorcastRebase.entitlements */ = {isa = PBXFileReference; lastKnownFileType = text.plist.entitlements; path = DoorcastRebase.entitlements; sourceTree = "<group>"; };
		E30488632822A788004ECA60 /* TaskListTVCell.swift */ = {isa = PBXFileReference; lastKnownFileType = sourcecode.swift; path = TaskListTVCell.swift; sourceTree = "<group>"; };
		E30488642822A788004ECA60 /* TaskListTVCell.xib */ = {isa = PBXFileReference; lastKnownFileType = file.xib; path = TaskListTVCell.xib; sourceTree = "<group>"; };
		E30488682822A90E004ECA60 /* IncompleteTaskDetails.json */ = {isa = PBXFileReference; lastKnownFileType = text.json; path = IncompleteTaskDetails.json; sourceTree = "<group>"; };
		E304886B2822ABB0004ECA60 /* TaskListViewModel.swift */ = {isa = PBXFileReference; lastKnownFileType = sourcecode.swift; path = TaskListViewModel.swift; sourceTree = "<group>"; };
		E304886D2822ABEF004ECA60 /* Decodable.swift */ = {isa = PBXFileReference; lastKnownFileType = sourcecode.swift; path = Decodable.swift; sourceTree = "<group>"; };
		E30488702822AC74004ECA60 /* IncompleteTaskListModel.swift */ = {isa = PBXFileReference; lastKnownFileType = sourcecode.swift; path = IncompleteTaskListModel.swift; sourceTree = "<group>"; };
		E30488722822BFB7004ECA60 /* UIKitHelper.swift */ = {isa = PBXFileReference; lastKnownFileType = sourcecode.swift; path = UIKitHelper.swift; sourceTree = "<group>"; };
		E31C92A4282244CC00600CEE /* DoorcastRebase.app */ = {isa = PBXFileReference; explicitFileType = wrapper.application; includeInIndex = 0; path = DoorcastRebase.app; sourceTree = BUILT_PRODUCTS_DIR; };
		E31C92A7282244CC00600CEE /* AppDelegate.swift */ = {isa = PBXFileReference; lastKnownFileType = sourcecode.swift; path = AppDelegate.swift; sourceTree = "<group>"; };
		E31C92A9282244CC00600CEE /* SceneDelegate.swift */ = {isa = PBXFileReference; lastKnownFileType = sourcecode.swift; path = SceneDelegate.swift; sourceTree = "<group>"; };
		E31C92AB282244CC00600CEE /* ViewController.swift */ = {isa = PBXFileReference; lastKnownFileType = sourcecode.swift; path = ViewController.swift; sourceTree = "<group>"; };
		E31C92AE282244CC00600CEE /* Base */ = {isa = PBXFileReference; lastKnownFileType = file.storyboard; name = Base; path = Base.lproj/Main.storyboard; sourceTree = "<group>"; };
		E31C92B1282244CC00600CEE /* DoorcastRebase.xcdatamodel */ = {isa = PBXFileReference; lastKnownFileType = wrapper.xcdatamodel; path = DoorcastRebase.xcdatamodel; sourceTree = "<group>"; };
		E31C92B3282244CE00600CEE /* Assets.xcassets */ = {isa = PBXFileReference; lastKnownFileType = folder.assetcatalog; path = Assets.xcassets; sourceTree = "<group>"; };
		E31C92B6282244CE00600CEE /* Base */ = {isa = PBXFileReference; lastKnownFileType = file.storyboard; name = Base; path = Base.lproj/LaunchScreen.storyboard; sourceTree = "<group>"; };
		E31C92B8282244CE00600CEE /* Info.plist */ = {isa = PBXFileReference; lastKnownFileType = text.plist.xml; path = Info.plist; sourceTree = "<group>"; };
		E31C92C92822466700600CEE /* StoryboardExtension.swift */ = {isa = PBXFileReference; lastKnownFileType = sourcecode.swift; path = StoryboardExtension.swift; sourceTree = "<group>"; };
		E347D350282258AB00122C8B /* DeviceName.swift */ = {isa = PBXFileReference; lastKnownFileType = sourcecode.swift; path = DeviceName.swift; sourceTree = "<group>"; };
		E347D35228225AEB00122C8B /* SessionManager.swift */ = {isa = PBXFileReference; lastKnownFileType = sourcecode.swift; path = SessionManager.swift; sourceTree = "<group>"; };
		E347D35528225BFE00122C8B /* Home.storyboard */ = {isa = PBXFileReference; lastKnownFileType = file.storyboard; path = Home.storyboard; sourceTree = "<group>"; };
		E347D35728225C2700122C8B /* HomeVC.swift */ = {isa = PBXFileReference; lastKnownFileType = sourcecode.swift; path = HomeVC.swift; sourceTree = "<group>"; };
		E347D35928225E1700122C8B /* StringExtension.swift */ = {isa = PBXFileReference; lastKnownFileType = sourcecode.swift; path = StringExtension.swift; sourceTree = "<group>"; };
		E347D35B28225E3E00122C8B /* NSObject+Helper.swift */ = {isa = PBXFileReference; lastKnownFileType = sourcecode.swift; path = "NSObject+Helper.swift"; sourceTree = "<group>"; };
		E347D35D28225FA100122C8B /* UIViewControllerExtension.swift */ = {isa = PBXFileReference; lastKnownFileType = sourcecode.swift; path = UIViewControllerExtension.swift; sourceTree = "<group>"; };
		E347D35F28226B0A00122C8B /* BaseViewModelProtocol.swift */ = {isa = PBXFileReference; lastKnownFileType = sourcecode.swift; path = BaseViewModelProtocol.swift; sourceTree = "<group>"; };
		E347D3622822700D00122C8B /* HomeViewModel.swift */ = {isa = PBXFileReference; lastKnownFileType = sourcecode.swift; path = HomeViewModel.swift; sourceTree = "<group>"; };
		E347D365282270A600122C8B /* HomeModel.swift */ = {isa = PBXFileReference; lastKnownFileType = sourcecode.swift; path = HomeModel.swift; sourceTree = "<group>"; };
		E347D367282286DA00122C8B /* ButtonExtension.swift */ = {isa = PBXFileReference; lastKnownFileType = sourcecode.swift; path = ButtonExtension.swift; sourceTree = "<group>"; };
		E34A2D1028229FC800BF7439 /* CommonTaskDetailVC.swift */ = {isa = PBXFileReference; lastKnownFileType = sourcecode.swift; path = CommonTaskDetailVC.swift; sourceTree = "<group>"; };
		E34A2D122822A05900BF7439 /* IncompleteTasksVC.swift */ = {isa = PBXFileReference; lastKnownFileType = sourcecode.swift; path = IncompleteTasksVC.swift; sourceTree = "<group>"; };
		E34A2D142822A06E00BF7439 /* CompletedTasksVC.swift */ = {isa = PBXFileReference; lastKnownFileType = sourcecode.swift; path = CompletedTasksVC.swift; sourceTree = "<group>"; };
		E37939D62822A6B8008D83E4 /* TableViewExtensions.swift */ = {isa = PBXFileReference; lastKnownFileType = sourcecode.swift; path = TableViewExtensions.swift; sourceTree = "<group>"; };
		E38D377728224B6600359321 /* Constants.swift */ = {isa = PBXFileReference; lastKnownFileType = sourcecode.swift; path = Constants.swift; sourceTree = "<group>"; };
/* End PBXFileReference section */

/* Begin PBXFrameworksBuildPhase section */
		E31C92A1282244CC00600CEE /* Frameworks */ = {
			isa = PBXFrameworksBuildPhase;
			buildActionMask = 2147483647;
			files = (
				638E5FCC3ED177D7172BAB15 /* Pods_DoorcastRebase.framework in Frameworks */,
			);
			runOnlyForDeploymentPostprocessing = 0;
		};
/* End PBXFrameworksBuildPhase section */

/* Begin PBXGroup section */
		072191172823E8D300116F43 /* TVCells */ = {
			isa = PBXGroup;
			children = (
				135EB04C282B8D8C00194216 /* TaskListTVCell */,
				135EB047282B8D8600194216 /* CheckboxInTaskDetailsTVCell */,
			);
			path = TVCells;
			sourceTree = "<group>";
		};
		072191182823E8E100116F43 /* CVCells */ = {
			isa = PBXGroup;
			children = (
				072191192823E8F200116F43 /* calendarCVCell.swift */,
				0721911A2823E8F300116F43 /* calendarCVCell.xib */,
			);
			path = CVCells;
			sourceTree = "<group>";
		};
		07712BDB282CCE850074F948 /* LabelTVCell */ = {
			isa = PBXGroup;
			children = (
				07712BDC282CCE850074F948 /* LabelTVCell.xib */,
				07712BDD282CCE850074F948 /* LabelTVCell.swift */,
			);
			path = LabelTVCell;
			sourceTree = "<group>";
		};
		0771A2BF2823F8E000758DD9 /* CommonMethods */ = {
			isa = PBXGroup;
			children = (
				0771A2C02823F8EF00758DD9 /* TimerView */,
				13891FE128327EAC005DE6A6 /* CommonMethods.swift */,
			);
			path = CommonMethods;
			sourceTree = "<group>";
		};
		0771A2C02823F8EF00758DD9 /* TimerView */ = {
			isa = PBXGroup;
			children = (
				0771A2C12823F8FE00758DD9 /* TimerView.swift */,
				0771A2C22823F8FE00758DD9 /* TimerView.xib */,
			);
			path = TimerView;
			sourceTree = "<group>";
		};
		0771A2C5282519AD00758DD9 /* Dashboard */ = {
			isa = PBXGroup;
			children = (
				0771A2CA282519C400758DD9 /* Dashboard.storyboard */,
				0771A2C9282519BC00758DD9 /* Scenes */,
				0771A2C8282519B800758DD9 /* Model */,
				0771A2C7282519B500758DD9 /* GetOrganizationsViewModel */,
				0771A2C6282519B200758DD9 /* Views */,
			);
			path = Dashboard;
			sourceTree = "<group>";
		};
		0771A2C6282519B200758DD9 /* Views */ = {
			isa = PBXGroup;
			children = (
				07712BDB282CCE850074F948 /* LabelTVCell */,
				0771A2DD28251A2D00758DD9 /* CrewPropertyTVCell */,
				0771A2DC28251A2B00758DD9 /* CompanyTVCell */,
			);
			path = Views;
			sourceTree = "<group>";
		};
		0771A2C7282519B500758DD9 /* GetOrganizationsViewModel */ = {
			isa = PBXGroup;
			children = (
				0771A2D6282519F000758DD9 /* CrewPropertyViewModel.swift */,
				0771A2D7282519F000758DD9 /* GetOrganizationsViewModel.swift */,
				0771A2D8282519F100758DD9 /* LogoutViewModel.swift */,
			);
			path = GetOrganizationsViewModel;
			sourceTree = "<group>";
		};
		0771A2C8282519B800758DD9 /* Model */ = {
			isa = PBXGroup;
			children = (
				0771A2D2282519E000758DD9 /* CrewPropertiesModel.swift */,
				0771A2D0282519E000758DD9 /* GetOrganizationModel.swift */,
				0771A2D1282519E000758DD9 /* LogoutModel.swift */,
			);
			path = Model;
			sourceTree = "<group>";
		};
		0771A2C9282519BC00758DD9 /* Scenes */ = {
			isa = PBXGroup;
			children = (
				0771A2CC282519D300758DD9 /* CrewPropertiesVC.swift */,
				0771A2CD282519D300758DD9 /* OnBoardingVC.swift */,
			);
			path = Scenes;
			sourceTree = "<group>";
		};
		0771A2DC28251A2B00758DD9 /* CompanyTVCell */ = {
			isa = PBXGroup;
			children = (
				0771A2DF28251A5600758DD9 /* CompanyTVCell.swift */,
				0771A2E028251A5600758DD9 /* CompanyTVCell.xib */,
			);
			path = CompanyTVCell;
			sourceTree = "<group>";
		};
		0771A2DD28251A2D00758DD9 /* CrewPropertyTVCell */ = {
			isa = PBXGroup;
			children = (
				0771A2E428251A6100758DD9 /* CrewPropertiesTVCell.xib */,
				0771A2E328251A6000758DD9 /* CrewPropertiesTVCell.swift */,
			);
			path = CrewPropertyTVCell;
			sourceTree = "<group>";
		};
		0771A2EB2825346400758DD9 /* Authentication */ = {
			isa = PBXGroup;
			children = (
				0771A2FC2825349B00758DD9 /* Authentication.storyboard */,
				AE80FC87282B7B6800EE5C0C /* ResetPassword */,
				AE80FC78282B7B5C00EE5C0C /* ForgotPassword */,
				AE80FC6D282B7B5C00EE5C0C /* Otp */,
				0771A2EE2825348500758DD9 /* Login */,
			);
			path = Authentication;
			sourceTree = "<group>";
		};
		0771A2EE2825348500758DD9 /* Login */ = {
			isa = PBXGroup;
			children = (
				0771A2F02825348600758DD9 /* View */,
				0771A2F42825348600758DD9 /* Model */,
				0771A2F12825348600758DD9 /* ViewModel */,
				0771A2EF2825348500758DD9 /* LoginVC.swift */,
			);
			path = Login;
			sourceTree = "<group>";
		};
		0771A2F02825348600758DD9 /* View */ = {
			isa = PBXGroup;
			children = (
			);
			path = View;
			sourceTree = "<group>";
		};
		0771A2F12825348600758DD9 /* ViewModel */ = {
			isa = PBXGroup;
			children = (
				0771A2F22825348600758DD9 /* LoginViewModel.swift */,
			);
			path = ViewModel;
			sourceTree = "<group>";
		};
		0771A2F42825348600758DD9 /* Model */ = {
			isa = PBXGroup;
			children = (
				0771A2F52825348600758DD9 /* LoginModel.swift */,
			);
			path = Model;
			sourceTree = "<group>";
		};
		135EB047282B8D8600194216 /* CheckboxInTaskDetailsTVCell */ = {
			isa = PBXGroup;
			children = (
				135EB048282B8D8600194216 /* CheckboxInTaskDetailsTVCell.swift */,
				135EB049282B8D8600194216 /* CheckboxInTaskDetailsTVCell.xib */,
			);
			path = CheckboxInTaskDetailsTVCell;
			sourceTree = "<group>";
		};
		135EB04C282B8D8C00194216 /* TaskListTVCell */ = {
			isa = PBXGroup;
			children = (
				E30488642822A788004ECA60 /* TaskListTVCell.xib */,
				E30488632822A788004ECA60 /* TaskListTVCell.swift */,
			);
			path = TaskListTVCell;
			sourceTree = "<group>";
		};
		3E727F7AFDDC7C43AD4963F9 /* Frameworks */ = {
			isa = PBXGroup;
			children = (
				4FBB7994D67F309A83301547 /* Pods_DoorcastRebase.framework */,
			);
			name = Frameworks;
			sourceTree = "<group>";
		};
		4E07C8372822912E0090D088 /* Fonts */ = {
			isa = PBXGroup;
			children = (
				4E07C845282291A90090D088 /* Oswald */,
				4E07C8442822918D0090D088 /* Poppins */,
			);
			path = Fonts;
			sourceTree = "<group>";
		};
		4E07C8442822918D0090D088 /* Poppins */ = {
			isa = PBXGroup;
			children = (
				4E07C838282291870090D088 /* Poppins-BoldItalic.otf */,
				4E07C839282291870090D088 /* Poppins-Italic.otf */,
				4E07C83A282291870090D088 /* Poppins-Light.ttf */,
				4E07C83D282291870090D088 /* Poppins-Medium.ttf */,
				4E07C83C282291870090D088 /* Poppins-Regular.ttf */,
				4E07C83B282291870090D088 /* Poppins-SemiBold.ttf */,
			);
			path = Poppins;
			sourceTree = "<group>";
		};
		4E07C845282291A90090D088 /* Oswald */ = {
			isa = PBXGroup;
			children = (
				4E07C84F282291B90090D088 /* Oswald-Bold.ttf */,
				4E07C84A282291B90090D088 /* Oswald-BoldItalic.ttf */,
				4E07C84C282291B90090D088 /* Oswald-Demi-BoldItalic.ttf */,
				4E07C854282291BA0090D088 /* Oswald-DemiBold.ttf */,
				4E07C84E282291B90090D088 /* Oswald-Extra-LightItalic.ttf */,
				4E07C850282291BA0090D088 /* Oswald-ExtraLight.ttf */,
				4E07C846282291B80090D088 /* Oswald-Heavy.ttf */,
				4E07C852282291BA0090D088 /* Oswald-HeavyItalic.ttf */,
				4E07C84B282291B90090D088 /* Oswald-Light.ttf */,
				4E07C853282291BA0090D088 /* Oswald-LightItalic.ttf */,
				4E07C847282291B80090D088 /* Oswald-Medium.ttf */,
				4E07C84D282291B90090D088 /* Oswald-MediumItalic.ttf */,
				4E07C851282291BA0090D088 /* Oswald-Regular.ttf */,
				4E07C849282291B90090D088 /* Oswald-RegularItalic.ttf */,
				4E07C848282291B80090D088 /* Oswald-Stencil.ttf */,
			);
			path = Oswald;
			sourceTree = "<group>";
		};
		4E07C864282292490090D088 /* Font */ = {
			isa = PBXGroup;
			children = (
				4E07C8652822925A0090D088 /* FontManager.swift */,
			);
			path = Font;
			sourceTree = "<group>";
		};
		4E07C8792828E4D90090D088 /* Profile */ = {
			isa = PBXGroup;
			children = (
				4E07C87D2828E4D90090D088 /* Profile.storyboard */,
				4E07C88A2828FF920090D088 /* Views */,
				4E07C87B2828E4D90090D088 /* ViewModel */,
				4E07C87E2828E4D90090D088 /* Model */,
				4E07C8802828E4D90090D088 /* ViewController */,
			);
			path = Profile;
			sourceTree = "<group>";
		};
		4E07C87B2828E4D90090D088 /* ViewModel */ = {
			isa = PBXGroup;
			children = (
				4E07C87C2828E4D90090D088 /* ProfileViewModel.swift */,
			);
			path = ViewModel;
			sourceTree = "<group>";
		};
		4E07C87E2828E4D90090D088 /* Model */ = {
			isa = PBXGroup;
			children = (
				4E07C87F2828E4D90090D088 /* ProfileModel.swift */,
			);
			path = Model;
			sourceTree = "<group>";
		};
		4E07C8802828E4D90090D088 /* ViewController */ = {
			isa = PBXGroup;
			children = (
				4E07C87A2828E4D90090D088 /* ProfileVC.swift */,
			);
			path = ViewController;
			sourceTree = "<group>";
		};
		4E07C8852828E8F80090D088 /* NotificationCenter */ = {
			isa = PBXGroup;
			children = (
				4E07C8862828E92B0090D088 /* Notificationcenter.storyboard */,
				4E07C8882828E94D0090D088 /* NotificationCenterVC.swift */,
			);
			path = NotificationCenter;
			sourceTree = "<group>";
		};
		4E07C88A2828FF920090D088 /* Views */ = {
			isa = PBXGroup;
			children = (
				4E07C88B2828FF9F0090D088 /* TVcells */,
			);
			path = Views;
			sourceTree = "<group>";
		};
		4E07C88B2828FF9F0090D088 /* TVcells */ = {
			isa = PBXGroup;
			children = (
				4E07C88C2828FFB60090D088 /* TaskAssignedTVCll */,
			);
			path = TVcells;
			sourceTree = "<group>";
		};
		4E07C88C2828FFB60090D088 /* TaskAssignedTVCll */ = {
			isa = PBXGroup;
			children = (
				4E07C88D2828FFB60090D088 /* TaskAssignedTVCell.swift */,
				4E07C88E2828FFB60090D088 /* TaskAssignedTVCell.xib */,
			);
			path = TaskAssignedTVCll;
			sourceTree = "<group>";
		};
		AE80FC6D282B7B5C00EE5C0C /* Otp */ = {
			isa = PBXGroup;
			children = (
				AE80FC6E282B7B5C00EE5C0C /* ViewModel */,
				AE80FC70282B7B5C00EE5C0C /* Model */,
				AE80FC72282B7B5C00EE5C0C /* View */,
				AE80FC76282B7B5C00EE5C0C /* ViewController */,
			);
			path = Otp;
			sourceTree = "<group>";
		};
		AE80FC6E282B7B5C00EE5C0C /* ViewModel */ = {
			isa = PBXGroup;
			children = (
				AE80FC6F282B7B5C00EE5C0C /* ResendOTPViewModel.swift */,
			);
			path = ViewModel;
			sourceTree = "<group>";
		};
		AE80FC70282B7B5C00EE5C0C /* Model */ = {
			isa = PBXGroup;
			children = (
				AE80FC71282B7B5C00EE5C0C /* ResendOTPModel.swift */,
			);
			path = Model;
			sourceTree = "<group>";
		};
		AE80FC72282B7B5C00EE5C0C /* View */ = {
			isa = PBXGroup;
			children = (
				AE80FC73282B7B5C00EE5C0C /* OtpTVCell */,
			);
			path = View;
			sourceTree = "<group>";
		};
		AE80FC73282B7B5C00EE5C0C /* OtpTVCell */ = {
			isa = PBXGroup;
			children = (
				AE80FC74282B7B5C00EE5C0C /* OtpTVCell.xib */,
				AE80FC75282B7B5C00EE5C0C /* OtpTVCell.swift */,
			);
			path = OtpTVCell;
			sourceTree = "<group>";
		};
		AE80FC76282B7B5C00EE5C0C /* ViewController */ = {
			isa = PBXGroup;
			children = (
				AE80FC77282B7B5C00EE5C0C /* OtpVC.swift */,
			);
			path = ViewController;
			sourceTree = "<group>";
		};
		AE80FC78282B7B5C00EE5C0C /* ForgotPassword */ = {
			isa = PBXGroup;
			children = (
				AE80FC79282B7B5C00EE5C0C /* ViewModel */,
				AE80FC7B282B7B5C00EE5C0C /* Model */,
				AE80FC7D282B7B5C00EE5C0C /* ViewController */,
			);
			path = ForgotPassword;
			sourceTree = "<group>";
		};
		AE80FC79282B7B5C00EE5C0C /* ViewModel */ = {
			isa = PBXGroup;
			children = (
				AE80FC7A282B7B5C00EE5C0C /* ForgotPasswordViewModel.swift */,
			);
			path = ViewModel;
			sourceTree = "<group>";
		};
		AE80FC7B282B7B5C00EE5C0C /* Model */ = {
			isa = PBXGroup;
			children = (
				AE80FC7C282B7B5C00EE5C0C /* ForgotPasswordModel.swift */,
			);
			path = Model;
			sourceTree = "<group>";
		};
		AE80FC7D282B7B5C00EE5C0C /* ViewController */ = {
			isa = PBXGroup;
			children = (
				AE80FC7E282B7B5C00EE5C0C /* ForgotPasswordVC.swift */,
			);
			path = ViewController;
			sourceTree = "<group>";
		};
		AE80FC87282B7B6800EE5C0C /* ResetPassword */ = {
			isa = PBXGroup;
			children = (
				AE80FC88282B7B6800EE5C0C /* ViewModel */,
				AE80FC8A282B7B6800EE5C0C /* Model */,
				AE80FC8C282B7B6800EE5C0C /* View */,
				AE80FC8D282B7B6800EE5C0C /* ViewController */,
			);
			path = ResetPassword;
			sourceTree = "<group>";
		};
		AE80FC88282B7B6800EE5C0C /* ViewModel */ = {
			isa = PBXGroup;
			children = (
				AE80FC89282B7B6800EE5C0C /* ResetPasswordViewModel.swift */,
			);
			path = ViewModel;
			sourceTree = "<group>";
		};
		AE80FC8A282B7B6800EE5C0C /* Model */ = {
			isa = PBXGroup;
			children = (
				AE80FC8B282B7B6800EE5C0C /* ResetPasswordModel.swift */,
			);
			path = Model;
			sourceTree = "<group>";
		};
		AE80FC8C282B7B6800EE5C0C /* View */ = {
			isa = PBXGroup;
			children = (
			);
			path = View;
			sourceTree = "<group>";
		};
		AE80FC8D282B7B6800EE5C0C /* ViewController */ = {
			isa = PBXGroup;
			children = (
				AE80FC8E282B7B6800EE5C0C /* ResetPasswordVC.swift */,
			);
			path = ViewController;
			sourceTree = "<group>";
		};
		C18B04CC31F866AB25C2E615 /* Pods */ = {
			isa = PBXGroup;
			children = (
				467B28FC523D2B33E1C10038 /* Pods-DoorcastRebase.debug.xcconfig */,
				3584D486E8CE52563A0F70EA /* Pods-DoorcastRebase.release.xcconfig */,
			);
			path = Pods;
			sourceTree = "<group>";
		};
		E30488672822A8F7004ECA60 /* JsonFiles */ = {
			isa = PBXGroup;
			children = (
				E30488682822A90E004ECA60 /* IncompleteTaskDetails.json */,
			);
			path = JsonFiles;
			sourceTree = "<group>";
		};
		E304886A2822ABA3004ECA60 /* ViewModel */ = {
			isa = PBXGroup;
			children = (
				07712BCD282CCB840074F948 /* CrewViewModel.swift */,
				07712BCE282CCB840074F948 /* ForceFinishViewModel.swift */,
				07712BCF282CCB850074F948 /* ReassignCrewViewModel.swift */,
				E304886B2822ABB0004ECA60 /* TaskListViewModel.swift */,
				135EB04D282B8DB100194216 /* SubTaskViewModel.swift */,
			);
			path = ViewModel;
			sourceTree = "<group>";
		};
		E304886F2822AC63004ECA60 /* Model */ = {
			isa = PBXGroup;
			children = (
				07712BD4282CCB930074F948 /* CrewModel.swift */,
				07712BD5282CCB930074F948 /* ForceFinishModel.swift */,
				07712BD3282CCB930074F948 /* ReassignCrewModel.swift */,
				E30488702822AC74004ECA60 /* IncompleteTaskListModel.swift */,
				135EB04F282B8DC500194216 /* SubTaskModel.swift */,
			);
			path = Model;
			sourceTree = "<group>";
		};
		E31C929B282244CC00600CEE = {
			isa = PBXGroup;
			children = (
				E31C92A6282244CC00600CEE /* DoorcastRebase */,
				E31C92A5282244CC00600CEE /* Products */,
				C18B04CC31F866AB25C2E615 /* Pods */,
				3E727F7AFDDC7C43AD4963F9 /* Frameworks */,
			);
			sourceTree = "<group>";
		};
		E31C92A5282244CC00600CEE /* Products */ = {
			isa = PBXGroup;
			children = (
				E31C92A4282244CC00600CEE /* DoorcastRebase.app */,
			);
			name = Products;
			sourceTree = "<group>";
		};
		E31C92A6282244CC00600CEE /* DoorcastRebase */ = {
			isa = PBXGroup;
			children = (
				AEBAE08D282B802500CF3791 /* DoorcastRebase.entitlements */,
				E31C92BE2822452000600CEE /* App */,
				E31C92B5282244CE00600CEE /* LaunchScreen.storyboard */,
				E31C92B0282244CC00600CEE /* DoorcastRebase.xcdatamodeld */,
			);
			path = DoorcastRebase;
			sourceTree = "<group>";
		};
		E31C92BE2822452000600CEE /* App */ = {
			isa = PBXGroup;
			children = (
				E31C92C5282245DB00600CEE /* ServiceManager */,
				E31C92C32822454100600CEE /* Resources */,
				E31C92C22822453800600CEE /* Helper */,
				E31C92C12822453200600CEE /* Constants */,
				E31C92C02822452C00600CEE /* Extensions */,
				E31C92BF2822452600600CEE /* Scenes */,
			);
			path = App;
			sourceTree = "<group>";
		};
		E31C92BF2822452600600CEE /* Scenes */ = {
			isa = PBXGroup;
			children = (
				4E07C8852828E8F80090D088 /* NotificationCenter */,
				4E07C8792828E4D90090D088 /* Profile */,
				0771A2EB2825346400758DD9 /* Authentication */,
				0771A2C5282519AD00758DD9 /* Dashboard */,
				E34A2D0C28229F7100BF7439 /* TaskDetails */,
				E347D35428225BF300122C8B /* Home */,
			);
			path = Scenes;
			sourceTree = "<group>";
		};
		E31C92C02822452C00600CEE /* Extensions */ = {
			isa = PBXGroup;
			children = (
				0771A324282539C600758DD9 /* TextFieldExtension.swift */,
				E347D35928225E1700122C8B /* StringExtension.swift */,
				E347D35D28225FA100122C8B /* UIViewControllerExtension.swift */,
				E347D367282286DA00122C8B /* ButtonExtension.swift */,
				E37939D62822A6B8008D83E4 /* TableViewExtensions.swift */,
				E30488722822BFB7004ECA60 /* UIKitHelper.swift */,
				072191152823DE0900116F43 /* DateExtension.swift */,
				0771A2B92823F38C00758DD9 /* ColorManager.swift */,
				07689C1F282C1B350058A5A9 /* TableViewHelper.swift */,
			);
			path = Extensions;
			sourceTree = "<group>";
		};
		E31C92C12822453200600CEE /* Constants */ = {
			isa = PBXGroup;
			children = (
				0771A2BF2823F8E000758DD9 /* CommonMethods */,
				E38D377728224B6600359321 /* Constants.swift */,
				E347D35228225AEB00122C8B /* SessionManager.swift */,
			);
			path = Constants;
			sourceTree = "<group>";
		};
		E31C92C22822453800600CEE /* Helper */ = {
			isa = PBXGroup;
			children = (
				4E07C864282292490090D088 /* Font */,
				E31C92C92822466700600CEE /* StoryboardExtension.swift */,
				E347D350282258AB00122C8B /* DeviceName.swift */,
				E347D35B28225E3E00122C8B /* NSObject+Helper.swift */,
				E347D35F28226B0A00122C8B /* BaseViewModelProtocol.swift */,
				E304886D2822ABEF004ECA60 /* Decodable.swift */,
				0771A2BC2823F88400758DD9 /* Loader.swift */,
				0771A2BB2823F88400758DD9 /* ProgressHUD.swift */,
			);
			path = Helper;
			sourceTree = "<group>";
		};
		E31C92C32822454100600CEE /* Resources */ = {
			isa = PBXGroup;
			children = (
				E30488672822A8F7004ECA60 /* JsonFiles */,
				4E07C8372822912E0090D088 /* Fonts */,
				E31C92A7282244CC00600CEE /* AppDelegate.swift */,
				E31C92A9282244CC00600CEE /* SceneDelegate.swift */,
				E31C92AB282244CC00600CEE /* ViewController.swift */,
				E31C92AD282244CC00600CEE /* Main.storyboard */,
				E31C92B8282244CE00600CEE /* Info.plist */,
				073A097E28320F8F0069EA8B /* GoogleService-Info.plist */,
				E31C92B3282244CE00600CEE /* Assets.xcassets */,
			);
			path = Resources;
			sourceTree = "<group>";
		};
		E31C92C5282245DB00600CEE /* ServiceManager */ = {
			isa = PBXGroup;
			children = (
				0771A3262825460600758DD9 /* ServiceManager.swift */,
			);
			path = ServiceManager;
			sourceTree = "<group>";
		};
		E347D35428225BF300122C8B /* Home */ = {
			isa = PBXGroup;
			children = (
				E347D3642822709B00122C8B /* Model */,
				E347D3612822700300122C8B /* HomeViewModel */,
				E347D35528225BFE00122C8B /* Home.storyboard */,
				E347D35728225C2700122C8B /* HomeVC.swift */,
			);
			path = Home;
			sourceTree = "<group>";
		};
		E347D3612822700300122C8B /* HomeViewModel */ = {
			isa = PBXGroup;
			children = (
				E347D3622822700D00122C8B /* HomeViewModel.swift */,
			);
			path = HomeViewModel;
			sourceTree = "<group>";
		};
		E347D3642822709B00122C8B /* Model */ = {
			isa = PBXGroup;
			children = (
				E347D365282270A600122C8B /* HomeModel.swift */,
			);
			path = Model;
			sourceTree = "<group>";
		};
		E34A2D0C28229F7100BF7439 /* TaskDetails */ = {
			isa = PBXGroup;
			children = (
				E304886F2822AC63004ECA60 /* Model */,
				E304886A2822ABA3004ECA60 /* ViewModel */,
				E37939D12822A5AA008D83E4 /* Views */,
				E34A2D0F28229F9F00BF7439 /* ViewController */,
			);
			path = TaskDetails;
			sourceTree = "<group>";
		};
		E34A2D0F28229F9F00BF7439 /* ViewController */ = {
			isa = PBXGroup;
			children = (
				07712BCB282CCB370074F948 /* SelectUserVC.swift */,
				E34A2D1028229FC800BF7439 /* CommonTaskDetailVC.swift */,
				E34A2D122822A05900BF7439 /* IncompleteTasksVC.swift */,
				E34A2D142822A06E00BF7439 /* CompletedTasksVC.swift */,
				072191122823D03500116F43 /* CalendarVC.swift */,
				135EB043282B8CF400194216 /* TaskDetailsVC.swift */,
				135EB041282B8CEA00194216 /* StartTheClockVC.swift */,
				13B3EC5F282BC3970068200B /* TaskDetails.storyboard */,
			);
			path = ViewController;
			sourceTree = "<group>";
		};
		E37939D12822A5AA008D83E4 /* Views */ = {
			isa = PBXGroup;
			children = (
				072191182823E8E100116F43 /* CVCells */,
				072191172823E8D300116F43 /* TVCells */,
			);
			path = Views;
			sourceTree = "<group>";
		};
/* End PBXGroup section */

/* Begin PBXNativeTarget section */
		E31C92A3282244CC00600CEE /* DoorcastRebase */ = {
			isa = PBXNativeTarget;
			buildConfigurationList = E31C92BB282244CE00600CEE /* Build configuration list for PBXNativeTarget "DoorcastRebase" */;
			buildPhases = (
				406AD9E547ADFE2AFB2EAE00 /* [CP] Check Pods Manifest.lock */,
				E31C92A0282244CC00600CEE /* Sources */,
				E31C92A1282244CC00600CEE /* Frameworks */,
				E31C92A2282244CC00600CEE /* Resources */,
				463FB6119036A4CF355A58C9 /* [CP] Embed Pods Frameworks */,
			);
			buildRules = (
			);
			dependencies = (
			);
			name = DoorcastRebase;
			productName = DoorcastRebase;
			productReference = E31C92A4282244CC00600CEE /* DoorcastRebase.app */;
			productType = "com.apple.product-type.application";
		};
/* End PBXNativeTarget section */

/* Begin PBXProject section */
		E31C929C282244CC00600CEE /* Project object */ = {
			isa = PBXProject;
			attributes = {
				BuildIndependentTargetsInParallel = 1;
				LastSwiftUpdateCheck = 1320;
				LastUpgradeCheck = 1320;
				TargetAttributes = {
					E31C92A3282244CC00600CEE = {
						CreatedOnToolsVersion = 13.2;
					};
				};
			};
			buildConfigurationList = E31C929F282244CC00600CEE /* Build configuration list for PBXProject "DoorcastRebase" */;
			compatibilityVersion = "Xcode 13.0";
			developmentRegion = en;
			hasScannedForEncodings = 0;
			knownRegions = (
				en,
				Base,
			);
			mainGroup = E31C929B282244CC00600CEE;
			productRefGroup = E31C92A5282244CC00600CEE /* Products */;
			projectDirPath = "";
			projectRoot = "";
			targets = (
				E31C92A3282244CC00600CEE /* DoorcastRebase */,
			);
		};
/* End PBXProject section */

/* Begin PBXResourcesBuildPhase section */
		E31C92A2282244CC00600CEE /* Resources */ = {
			isa = PBXResourcesBuildPhase;
			buildActionMask = 2147483647;
			files = (
				072191142823DC1D00116F43 /* Oswald-Medium.ttf in Resources */,
				4E07C855282291FB0090D088 /* Oswald-Bold.ttf in Resources */,
				4E07C856282291FB0090D088 /* Oswald-BoldItalic.ttf in Resources */,
				4E07C857282291FB0090D088 /* Oswald-Demi-BoldItalic.ttf in Resources */,
				4E07C858282291FB0090D088 /* Oswald-DemiBold.ttf in Resources */,
				0771A2E228251A5600758DD9 /* CompanyTVCell.xib in Resources */,
				4E07C859282291FB0090D088 /* Oswald-Extra-LightItalic.ttf in Resources */,
				4E07C85A282291FB0090D088 /* Oswald-ExtraLight.ttf in Resources */,
				4E07C85B282291FB0090D088 /* Oswald-Heavy.ttf in Resources */,
				4E07C85C282291FB0090D088 /* Oswald-HeavyItalic.ttf in Resources */,
				4E07C85D282291FB0090D088 /* Oswald-Light.ttf in Resources */,
				4E07C85E282291FB0090D088 /* Oswald-LightItalic.ttf in Resources */,
				AE80FC81282B7B5C00EE5C0C /* OtpTVCell.xib in Resources */,
				135EB04B282B8D8600194216 /* CheckboxInTaskDetailsTVCell.xib in Resources */,
				4E07C860282291FB0090D088 /* Oswald-MediumItalic.ttf in Resources */,
				E30488662822A788004ECA60 /* TaskListTVCell.xib in Resources */,
				4E07C861282291FB0090D088 /* Oswald-Regular.ttf in Resources */,
				0721911C2823E8F300116F43 /* calendarCVCell.xib in Resources */,
				4E07C862282291FB0090D088 /* Oswald-RegularItalic.ttf in Resources */,
				07712BDE282CCE850074F948 /* LabelTVCell.xib in Resources */,
				0771A2C42823F8FE00758DD9 /* TimerView.xib in Resources */,
				4E07C863282291FB0090D088 /* Oswald-Stencil.ttf in Resources */,
				E30488692822A90E004ECA60 /* IncompleteTaskDetails.json in Resources */,
				13B3EC60282BC3970068200B /* TaskDetails.storyboard in Resources */,
				4E07C8872828E92B0090D088 /* Notificationcenter.storyboard in Resources */,
				0771A2CB282519C500758DD9 /* Dashboard.storyboard in Resources */,
				E347D35628225BFE00122C8B /* Home.storyboard in Resources */,
				4E07C843282291870090D088 /* Poppins-Medium.ttf in Resources */,
				4E07C83E282291870090D088 /* Poppins-BoldItalic.otf in Resources */,
				4E07C840282291870090D088 /* Poppins-Light.ttf in Resources */,
				4E07C8902828FFB60090D088 /* TaskAssignedTVCell.xib in Resources */,
				E31C92B7282244CE00600CEE /* LaunchScreen.storyboard in Resources */,
				4E07C8832828E4DA0090D088 /* Profile.storyboard in Resources */,
				4E07C83F282291870090D088 /* Poppins-Italic.otf in Resources */,
				0771A2FD2825349B00758DD9 /* Authentication.storyboard in Resources */,
				4E07C841282291870090D088 /* Poppins-SemiBold.ttf in Resources */,
				E31C92B4282244CE00600CEE /* Assets.xcassets in Resources */,
				0771A2E628251A6100758DD9 /* CrewPropertiesTVCell.xib in Resources */,
				E31C92AF282244CC00600CEE /* Main.storyboard in Resources */,
				073A097F28320F8F0069EA8B /* GoogleService-Info.plist in Resources */,
				4E07C842282291870090D088 /* Poppins-Regular.ttf in Resources */,
			);
			runOnlyForDeploymentPostprocessing = 0;
		};
/* End PBXResourcesBuildPhase section */

/* Begin PBXShellScriptBuildPhase section */
		406AD9E547ADFE2AFB2EAE00 /* [CP] Check Pods Manifest.lock */ = {
			isa = PBXShellScriptBuildPhase;
			buildActionMask = 2147483647;
			files = (
			);
			inputFileListPaths = (
			);
			inputPaths = (
				"${PODS_PODFILE_DIR_PATH}/Podfile.lock",
				"${PODS_ROOT}/Manifest.lock",
			);
			name = "[CP] Check Pods Manifest.lock";
			outputFileListPaths = (
			);
			outputPaths = (
				"$(DERIVED_FILE_DIR)/Pods-DoorcastRebase-checkManifestLockResult.txt",
			);
			runOnlyForDeploymentPostprocessing = 0;
			shellPath = /bin/sh;
			shellScript = "diff \"${PODS_PODFILE_DIR_PATH}/Podfile.lock\" \"${PODS_ROOT}/Manifest.lock\" > /dev/null\nif [ $? != 0 ] ; then\n    # print error to STDERR\n    echo \"error: The sandbox is not in sync with the Podfile.lock. Run 'pod install' or update your CocoaPods installation.\" >&2\n    exit 1\nfi\n# This output is used by Xcode 'outputs' to avoid re-running this script phase.\necho \"SUCCESS\" > \"${SCRIPT_OUTPUT_FILE_0}\"\n";
			showEnvVarsInLog = 0;
		};
		463FB6119036A4CF355A58C9 /* [CP] Embed Pods Frameworks */ = {
			isa = PBXShellScriptBuildPhase;
			buildActionMask = 2147483647;
			files = (
			);
			inputFileListPaths = (
				"${PODS_ROOT}/Target Support Files/Pods-DoorcastRebase/Pods-DoorcastRebase-frameworks-${CONFIGURATION}-input-files.xcfilelist",
			);
			name = "[CP] Embed Pods Frameworks";
			outputFileListPaths = (
				"${PODS_ROOT}/Target Support Files/Pods-DoorcastRebase/Pods-DoorcastRebase-frameworks-${CONFIGURATION}-output-files.xcfilelist",
			);
			runOnlyForDeploymentPostprocessing = 0;
			shellPath = /bin/sh;
			shellScript = "\"${PODS_ROOT}/Target Support Files/Pods-DoorcastRebase/Pods-DoorcastRebase-frameworks.sh\"\n";
			showEnvVarsInLog = 0;
		};
/* End PBXShellScriptBuildPhase section */

/* Begin PBXSourcesBuildPhase section */
		E31C92A0282244CC00600CEE /* Sources */ = {
			isa = PBXSourcesBuildPhase;
			buildActionMask = 2147483647;
			files = (
				4E07C8812828E4D90090D088 /* ProfileVC.swift in Sources */,
				0771A325282539C600758DD9 /* TextFieldExtension.swift in Sources */,
				0721911B2823E8F300116F43 /* calendarCVCell.swift in Sources */,
				0771A2D4282519E000758DD9 /* LogoutModel.swift in Sources */,
				E34A2D132822A05900BF7439 /* IncompleteTasksVC.swift in Sources */,
				E31C92B2282244CC00600CEE /* DoorcastRebase.xcdatamodeld in Sources */,
				E347D3632822700D00122C8B /* HomeViewModel.swift in Sources */,
				E31C92AC282244CC00600CEE /* ViewController.swift in Sources */,
				E347D35328225AEB00122C8B /* SessionManager.swift in Sources */,
				E34A2D152822A06E00BF7439 /* CompletedTasksVC.swift in Sources */,
				E347D366282270A600122C8B /* HomeModel.swift in Sources */,
				E347D35E28225FA100122C8B /* UIViewControllerExtension.swift in Sources */,
				AE80FC80282B7B5C00EE5C0C /* ResendOTPModel.swift in Sources */,
				072191162823DE0900116F43 /* DateExtension.swift in Sources */,
				135EB042282B8CEA00194216 /* StartTheClockVC.swift in Sources */,
				13891FE228327EAC005DE6A6 /* CommonMethods.swift in Sources */,
				0771A2CF282519D300758DD9 /* OnBoardingVC.swift in Sources */,
				07712BD7282CCB930074F948 /* CrewModel.swift in Sources */,
				4E07C8822828E4D90090D088 /* ProfileViewModel.swift in Sources */,
				E347D35828225C2700122C8B /* HomeVC.swift in Sources */,
				E347D35C28225E3E00122C8B /* NSObject+Helper.swift in Sources */,
				07712BCC282CCB370074F948 /* SelectUserVC.swift in Sources */,
				0771A2BD2823F88400758DD9 /* ProgressHUD.swift in Sources */,
				0771A2BA2823F38C00758DD9 /* ColorManager.swift in Sources */,
				E31C92A8282244CC00600CEE /* AppDelegate.swift in Sources */,
				AE80FC7F282B7B5C00EE5C0C /* ResendOTPViewModel.swift in Sources */,
				E34A2D1128229FC800BF7439 /* CommonTaskDetailVC.swift in Sources */,
				0771A2D3282519E000758DD9 /* GetOrganizationModel.swift in Sources */,
				0771A2DB282519F100758DD9 /* LogoutViewModel.swift in Sources */,
				135EB050282B8DC500194216 /* SubTaskModel.swift in Sources */,
				135EB04A282B8D8600194216 /* CheckboxInTaskDetailsTVCell.swift in Sources */,
				E347D35A28225E1700122C8B /* StringExtension.swift in Sources */,
				4E07C88F2828FFB60090D088 /* TaskAssignedTVCell.swift in Sources */,
				AE80FC8F282B7B6800EE5C0C /* ResetPasswordViewModel.swift in Sources */,
				0771A2F72825348600758DD9 /* LoginVC.swift in Sources */,
				135EB044282B8CF400194216 /* TaskDetailsVC.swift in Sources */,
				0771A2E528251A6100758DD9 /* CrewPropertiesTVCell.swift in Sources */,
				07712BD0282CCB850074F948 /* CrewViewModel.swift in Sources */,
				E38D377828224B6600359321 /* Constants.swift in Sources */,
				07712BDF282CCE850074F948 /* LabelTVCell.swift in Sources */,
				AE80FC91282B7B6800EE5C0C /* ResetPasswordVC.swift in Sources */,
				E304886E2822ABEF004ECA60 /* Decodable.swift in Sources */,
				07712BD1282CCB850074F948 /* ForceFinishViewModel.swift in Sources */,
				E30488712822AC74004ECA60 /* IncompleteTaskListModel.swift in Sources */,
				0771A2F82825348600758DD9 /* LoginViewModel.swift in Sources */,
				0771A2DA282519F100758DD9 /* GetOrganizationsViewModel.swift in Sources */,
				AE80FC83282B7B5C00EE5C0C /* OtpVC.swift in Sources */,
				0771A2FA2825348600758DD9 /* LoginModel.swift in Sources */,
				07712BD8282CCB930074F948 /* ForceFinishModel.swift in Sources */,
				E347D36028226B0A00122C8B /* BaseViewModelProtocol.swift in Sources */,
				07689C20282C1B350058A5A9 /* TableViewHelper.swift in Sources */,
				07712BD2282CCB850074F948 /* ReassignCrewViewModel.swift in Sources */,
				E30488732822BFB7004ECA60 /* UIKitHelper.swift in Sources */,
				AE80FC86282B7B5C00EE5C0C /* ForgotPasswordVC.swift in Sources */,
				E31C92CA2822466700600CEE /* StoryboardExtension.swift in Sources */,
				0771A2D9282519F100758DD9 /* CrewPropertyViewModel.swift in Sources */,
				0771A2CE282519D300758DD9 /* CrewPropertiesVC.swift in Sources */,
				4E07C8892828E94D0090D088 /* NotificationCenterVC.swift in Sources */,
				0771A2BE2823F88400758DD9 /* Loader.swift in Sources */,
				0771A3272825460600758DD9 /* ServiceManager.swift in Sources */,
				135EB04E282B8DB100194216 /* SubTaskViewModel.swift in Sources */,
				4E07C8662822925A0090D088 /* FontManager.swift in Sources */,
				0771A2C32823F8FE00758DD9 /* TimerView.swift in Sources */,
				E347D351282258AB00122C8B /* DeviceName.swift in Sources */,
				4E07C8842828E4DA0090D088 /* ProfileModel.swift in Sources */,
				AE80FC85282B7B5C00EE5C0C /* ForgotPasswordModel.swift in Sources */,
				07712BD6282CCB930074F948 /* ReassignCrewModel.swift in Sources */,
				AE80FC90282B7B6800EE5C0C /* ResetPasswordModel.swift in Sources */,
				AE80FC82282B7B5C00EE5C0C /* OtpTVCell.swift in Sources */,
				E347D368282286DA00122C8B /* ButtonExtension.swift in Sources */,
				E30488652822A788004ECA60 /* TaskListTVCell.swift in Sources */,
				0771A2E128251A5600758DD9 /* CompanyTVCell.swift in Sources */,
				AE80FC84282B7B5C00EE5C0C /* ForgotPasswordViewModel.swift in Sources */,
				E304886C2822ABB0004ECA60 /* TaskListViewModel.swift in Sources */,
				0771A2D5282519E000758DD9 /* CrewPropertiesModel.swift in Sources */,
				072191132823D03500116F43 /* CalendarVC.swift in Sources */,
				E31C92AA282244CC00600CEE /* SceneDelegate.swift in Sources */,
				E37939D72822A6B8008D83E4 /* TableViewExtensions.swift in Sources */,
			);
			runOnlyForDeploymentPostprocessing = 0;
		};
/* End PBXSourcesBuildPhase section */

/* Begin PBXVariantGroup section */
		E31C92AD282244CC00600CEE /* Main.storyboard */ = {
			isa = PBXVariantGroup;
			children = (
				E31C92AE282244CC00600CEE /* Base */,
			);
			name = Main.storyboard;
			sourceTree = "<group>";
		};
		E31C92B5282244CE00600CEE /* LaunchScreen.storyboard */ = {
			isa = PBXVariantGroup;
			children = (
				E31C92B6282244CE00600CEE /* Base */,
			);
			name = LaunchScreen.storyboard;
			sourceTree = "<group>";
		};
/* End PBXVariantGroup section */

/* Begin XCBuildConfiguration section */
		E31C92B9282244CE00600CEE /* Debug */ = {
			isa = XCBuildConfiguration;
			buildSettings = {
				ALWAYS_SEARCH_USER_PATHS = NO;
				CLANG_ANALYZER_NONNULL = YES;
				CLANG_ANALYZER_NUMBER_OBJECT_CONVERSION = YES_AGGRESSIVE;
				CLANG_CXX_LANGUAGE_STANDARD = "gnu++17";
				CLANG_CXX_LIBRARY = "libc++";
				CLANG_ENABLE_MODULES = YES;
				CLANG_ENABLE_OBJC_ARC = YES;
				CLANG_ENABLE_OBJC_WEAK = YES;
				CLANG_WARN_BLOCK_CAPTURE_AUTORELEASING = YES;
				CLANG_WARN_BOOL_CONVERSION = YES;
				CLANG_WARN_COMMA = YES;
				CLANG_WARN_CONSTANT_CONVERSION = YES;
				CLANG_WARN_DEPRECATED_OBJC_IMPLEMENTATIONS = YES;
				CLANG_WARN_DIRECT_OBJC_ISA_USAGE = YES_ERROR;
				CLANG_WARN_DOCUMENTATION_COMMENTS = YES;
				CLANG_WARN_EMPTY_BODY = YES;
				CLANG_WARN_ENUM_CONVERSION = YES;
				CLANG_WARN_INFINITE_RECURSION = YES;
				CLANG_WARN_INT_CONVERSION = YES;
				CLANG_WARN_NON_LITERAL_NULL_CONVERSION = YES;
				CLANG_WARN_OBJC_IMPLICIT_RETAIN_SELF = YES;
				CLANG_WARN_OBJC_LITERAL_CONVERSION = YES;
				CLANG_WARN_OBJC_ROOT_CLASS = YES_ERROR;
				CLANG_WARN_QUOTED_INCLUDE_IN_FRAMEWORK_HEADER = YES;
				CLANG_WARN_RANGE_LOOP_ANALYSIS = YES;
				CLANG_WARN_STRICT_PROTOTYPES = YES;
				CLANG_WARN_SUSPICIOUS_MOVE = YES;
				CLANG_WARN_UNGUARDED_AVAILABILITY = YES_AGGRESSIVE;
				CLANG_WARN_UNREACHABLE_CODE = YES;
				CLANG_WARN__DUPLICATE_METHOD_MATCH = YES;
				COPY_PHASE_STRIP = NO;
				DEBUG_INFORMATION_FORMAT = dwarf;
				ENABLE_STRICT_OBJC_MSGSEND = YES;
				ENABLE_TESTABILITY = YES;
				GCC_C_LANGUAGE_STANDARD = gnu11;
				GCC_DYNAMIC_NO_PIC = NO;
				GCC_NO_COMMON_BLOCKS = YES;
				GCC_OPTIMIZATION_LEVEL = 0;
				GCC_PREPROCESSOR_DEFINITIONS = (
					"DEBUG=1",
					"$(inherited)",
				);
				GCC_WARN_64_TO_32_BIT_CONVERSION = YES;
				GCC_WARN_ABOUT_RETURN_TYPE = YES_ERROR;
				GCC_WARN_UNDECLARED_SELECTOR = YES;
				GCC_WARN_UNINITIALIZED_AUTOS = YES_AGGRESSIVE;
				GCC_WARN_UNUSED_FUNCTION = YES;
				GCC_WARN_UNUSED_VARIABLE = YES;
				IPHONEOS_DEPLOYMENT_TARGET = 15.2;
				MTL_ENABLE_DEBUG_INFO = INCLUDE_SOURCE;
				MTL_FAST_MATH = YES;
				ONLY_ACTIVE_ARCH = YES;
				SDKROOT = iphoneos;
				SWIFT_ACTIVE_COMPILATION_CONDITIONS = DEBUG;
				SWIFT_OPTIMIZATION_LEVEL = "-Onone";
			};
			name = Debug;
		};
		E31C92BA282244CE00600CEE /* Release */ = {
			isa = XCBuildConfiguration;
			buildSettings = {
				ALWAYS_SEARCH_USER_PATHS = NO;
				CLANG_ANALYZER_NONNULL = YES;
				CLANG_ANALYZER_NUMBER_OBJECT_CONVERSION = YES_AGGRESSIVE;
				CLANG_CXX_LANGUAGE_STANDARD = "gnu++17";
				CLANG_CXX_LIBRARY = "libc++";
				CLANG_ENABLE_MODULES = YES;
				CLANG_ENABLE_OBJC_ARC = YES;
				CLANG_ENABLE_OBJC_WEAK = YES;
				CLANG_WARN_BLOCK_CAPTURE_AUTORELEASING = YES;
				CLANG_WARN_BOOL_CONVERSION = YES;
				CLANG_WARN_COMMA = YES;
				CLANG_WARN_CONSTANT_CONVERSION = YES;
				CLANG_WARN_DEPRECATED_OBJC_IMPLEMENTATIONS = YES;
				CLANG_WARN_DIRECT_OBJC_ISA_USAGE = YES_ERROR;
				CLANG_WARN_DOCUMENTATION_COMMENTS = YES;
				CLANG_WARN_EMPTY_BODY = YES;
				CLANG_WARN_ENUM_CONVERSION = YES;
				CLANG_WARN_INFINITE_RECURSION = YES;
				CLANG_WARN_INT_CONVERSION = YES;
				CLANG_WARN_NON_LITERAL_NULL_CONVERSION = YES;
				CLANG_WARN_OBJC_IMPLICIT_RETAIN_SELF = YES;
				CLANG_WARN_OBJC_LITERAL_CONVERSION = YES;
				CLANG_WARN_OBJC_ROOT_CLASS = YES_ERROR;
				CLANG_WARN_QUOTED_INCLUDE_IN_FRAMEWORK_HEADER = YES;
				CLANG_WARN_RANGE_LOOP_ANALYSIS = YES;
				CLANG_WARN_STRICT_PROTOTYPES = YES;
				CLANG_WARN_SUSPICIOUS_MOVE = YES;
				CLANG_WARN_UNGUARDED_AVAILABILITY = YES_AGGRESSIVE;
				CLANG_WARN_UNREACHABLE_CODE = YES;
				CLANG_WARN__DUPLICATE_METHOD_MATCH = YES;
				COPY_PHASE_STRIP = NO;
				DEBUG_INFORMATION_FORMAT = "dwarf-with-dsym";
				ENABLE_NS_ASSERTIONS = NO;
				ENABLE_STRICT_OBJC_MSGSEND = YES;
				GCC_C_LANGUAGE_STANDARD = gnu11;
				GCC_NO_COMMON_BLOCKS = YES;
				GCC_WARN_64_TO_32_BIT_CONVERSION = YES;
				GCC_WARN_ABOUT_RETURN_TYPE = YES_ERROR;
				GCC_WARN_UNDECLARED_SELECTOR = YES;
				GCC_WARN_UNINITIALIZED_AUTOS = YES_AGGRESSIVE;
				GCC_WARN_UNUSED_FUNCTION = YES;
				GCC_WARN_UNUSED_VARIABLE = YES;
				IPHONEOS_DEPLOYMENT_TARGET = 15.2;
				MTL_ENABLE_DEBUG_INFO = NO;
				MTL_FAST_MATH = YES;
				SDKROOT = iphoneos;
				SWIFT_COMPILATION_MODE = wholemodule;
				SWIFT_OPTIMIZATION_LEVEL = "-O";
				VALIDATE_PRODUCT = YES;
			};
			name = Release;
		};
		E31C92BC282244CE00600CEE /* Debug */ = {
			isa = XCBuildConfiguration;
			baseConfigurationReference = 467B28FC523D2B33E1C10038 /* Pods-DoorcastRebase.debug.xcconfig */;
			buildSettings = {
				ASSETCATALOG_COMPILER_APPICON_NAME = AppIcon;
				ASSETCATALOG_COMPILER_GLOBAL_ACCENT_COLOR_NAME = AccentColor;
				CODE_SIGN_ENTITLEMENTS = DoorcastRebase/DoorcastRebase.entitlements;
				CODE_SIGN_STYLE = Automatic;
				CURRENT_PROJECT_VERSION = 1;
				DEVELOPMENT_TEAM = 34T48J4647;
				GENERATE_INFOPLIST_FILE = YES;
				INFOPLIST_FILE = "/Users/codebele-09/Desktop/doorcast-iOS/doorcast-iOS/DoorcastRebase/App/Resources/Info.plist";
				INFOPLIST_KEY_UIApplicationSupportsIndirectInputEvents = YES;
				INFOPLIST_KEY_UILaunchStoryboardName = LaunchScreen;
				INFOPLIST_KEY_UIMainStoryboardFile = Authentication;
				INFOPLIST_KEY_UISupportedInterfaceOrientations = UIInterfaceOrientationPortrait;
				INFOPLIST_KEY_UISupportedInterfaceOrientations_iPad = "UIInterfaceOrientationPortrait UIInterfaceOrientationPortraitUpsideDown UIInterfaceOrientationLandscapeLeft UIInterfaceOrientationLandscapeRight";
				INFOPLIST_KEY_UISupportedInterfaceOrientations_iPhone = "UIInterfaceOrientationPortrait UIInterfaceOrientationLandscapeLeft UIInterfaceOrientationLandscapeRight";
				IPHONEOS_DEPLOYMENT_TARGET = 14.1;
				LD_RUNPATH_SEARCH_PATHS = (
					"$(inherited)",
					"@executable_path/Frameworks",
				);
				MARKETING_VERSION = 1.0;
				PRODUCT_BUNDLE_IDENTIFIER = com.exstreamworker;
				PRODUCT_NAME = "$(TARGET_NAME)";
				SWIFT_EMIT_LOC_STRINGS = YES;
				SWIFT_VERSION = 5.0;
				TARGETED_DEVICE_FAMILY = 1;
			};
			name = Debug;
		};
		E31C92BD282244CE00600CEE /* Release */ = {
			isa = XCBuildConfiguration;
			baseConfigurationReference = 3584D486E8CE52563A0F70EA /* Pods-DoorcastRebase.release.xcconfig */;
			buildSettings = {
				ASSETCATALOG_COMPILER_APPICON_NAME = AppIcon;
				ASSETCATALOG_COMPILER_GLOBAL_ACCENT_COLOR_NAME = AccentColor;
				CODE_SIGN_ENTITLEMENTS = DoorcastRebase/DoorcastRebase.entitlements;
				CODE_SIGN_STYLE = Automatic;
				CURRENT_PROJECT_VERSION = 1;
				DEVELOPMENT_TEAM = 34T48J4647;
				GENERATE_INFOPLIST_FILE = YES;
				INFOPLIST_FILE = "/Users/codebele-09/Desktop/doorcast-iOS/doorcast-iOS/DoorcastRebase/App/Resources/Info.plist";
				INFOPLIST_KEY_UIApplicationSupportsIndirectInputEvents = YES;
				INFOPLIST_KEY_UILaunchStoryboardName = LaunchScreen;
				INFOPLIST_KEY_UIMainStoryboardFile = Authentication;
				INFOPLIST_KEY_UISupportedInterfaceOrientations = UIInterfaceOrientationPortrait;
				INFOPLIST_KEY_UISupportedInterfaceOrientations_iPad = "UIInterfaceOrientationPortrait UIInterfaceOrientationPortraitUpsideDown UIInterfaceOrientationLandscapeLeft UIInterfaceOrientationLandscapeRight";
				INFOPLIST_KEY_UISupportedInterfaceOrientations_iPhone = "UIInterfaceOrientationPortrait UIInterfaceOrientationLandscapeLeft UIInterfaceOrientationLandscapeRight";
				IPHONEOS_DEPLOYMENT_TARGET = 14.1;
				LD_RUNPATH_SEARCH_PATHS = (
					"$(inherited)",
					"@executable_path/Frameworks",
				);
				MARKETING_VERSION = 1.0;
				PRODUCT_BUNDLE_IDENTIFIER = com.exstreamworker;
				PRODUCT_NAME = "$(TARGET_NAME)";
				SWIFT_EMIT_LOC_STRINGS = YES;
				SWIFT_VERSION = 5.0;
				TARGETED_DEVICE_FAMILY = 1;
			};
			name = Release;
		};
/* End XCBuildConfiguration section */

/* Begin XCConfigurationList section */
		E31C929F282244CC00600CEE /* Build configuration list for PBXProject "DoorcastRebase" */ = {
			isa = XCConfigurationList;
			buildConfigurations = (
				E31C92B9282244CE00600CEE /* Debug */,
				E31C92BA282244CE00600CEE /* Release */,
			);
			defaultConfigurationIsVisible = 0;
			defaultConfigurationName = Release;
		};
		E31C92BB282244CE00600CEE /* Build configuration list for PBXNativeTarget "DoorcastRebase" */ = {
			isa = XCConfigurationList;
			buildConfigurations = (
				E31C92BC282244CE00600CEE /* Debug */,
				E31C92BD282244CE00600CEE /* Release */,
			);
			defaultConfigurationIsVisible = 0;
			defaultConfigurationName = Release;
		};
/* End XCConfigurationList section */

/* Begin XCVersionGroup section */
		E31C92B0282244CC00600CEE /* DoorcastRebase.xcdatamodeld */ = {
			isa = XCVersionGroup;
			children = (
				E31C92B1282244CC00600CEE /* DoorcastRebase.xcdatamodel */,
			);
			currentVersion = E31C92B1282244CC00600CEE /* DoorcastRebase.xcdatamodel */;
			path = DoorcastRebase.xcdatamodeld;
			sourceTree = "<group>";
			versionGroupType = wrapper.xcdatamodel;
		};
/* End XCVersionGroup section */
	};
	rootObject = E31C929C282244CC00600CEE /* Project object */;
}
